// !$*UTF8*$!
{
	archiveVersion = 1;
	classes = {
	};
	objectVersion = 77;
	objects = {

/* Begin PBXBuildFile section */
		05133EDB5A9E8AA481E01189 /* ServiceNotePicker.swift in Sources */ = {isa = PBXBuildFile; fileRef = 8F785322FFCA80A43799A194 /* ServiceNotePicker.swift */; };
		07B717A9D9DABA180AD11271 /* WatchSyncService.swift in Sources */ = {isa = PBXBuildFile; fileRef = 3FE4481C1E27B95BC2F45054 /* WatchSyncService.swift */; };
		08FCA24204BD661A13812566 /* Theme.swift in Sources */ = {isa = PBXBuildFile; fileRef = 7E9DDEF9ED1920FC461324CC /* Theme.swift */; };
		0D06A7B8C4AF4F55893426CD /* FirebaseFirestore in Frameworks */ = {isa = PBXBuildFile; productRef = 9D60869E022C41FE521B3BBB /* FirebaseFirestore */; };
		0E61B1ABD658DCB0C6D3212F /* FirebaseFirestore in Frameworks */ = {isa = PBXBuildFile; productRef = 1CDAE48B8076123DD8B1FB18 /* FirebaseFirestore */; };
		0F3972CDCD8AC43B1E6910BD /* BudgetAmountEditor.swift in Sources */ = {isa = PBXBuildFile; fileRef = 2F1934B38A615BECC1D5E398 /* BudgetAmountEditor.swift */; };
		1347DD2C7902D68B78C2A765 /* BudgetWidget.swift in Sources */ = {isa = PBXBuildFile; fileRef = 5D3927D960B921308F0339E5 /* BudgetWidget.swift */; };
		154F8083DBBB448148FD3B66 /* QuickEntryIntent.swift in Sources */ = {isa = PBXBuildFile; fileRef = 8FEDE9F8A530ADDCFB8FA1C5 /* QuickEntryIntent.swift */; };
		19DD24E4558B20EC4C9DCC2B /* ExtendPeriodSheet.swift in Sources */ = {isa = PBXBuildFile; fileRef = 01D4600AE62B3542F20C1794 /* ExtendPeriodSheet.swift */; };
		1AE976DD96ED02426D7C4DBF /* GastosApp.swift in Sources */ = {isa = PBXBuildFile; fileRef = 2455C66D49C163A08191D086 /* GastosApp.swift */; };
		1D4542D6CA092C4B18F3D93D /* SummaryView.swift in Sources */ = {isa = PBXBuildFile; fileRef = 651AB99544B0D1A42041AE16 /* SummaryView.swift */; };
		1E11D4E50D77E3C6C675E502 /* categories.json in Resources */ = {isa = PBXBuildFile; fileRef = 3D90613288B486DE309FFB3D /* categories.json */; };
		1F0CA448B675342FD4A222FB /* RootView.swift in Sources */ = {isa = PBXBuildFile; fileRef = A3735D65DE5E5F8A566E14E5 /* RootView.swift */; };
		20C112FA5B73240CA98EBDC5 /* LimitsTests.swift in Sources */ = {isa = PBXBuildFile; fileRef = AA8649A56B638FCED8CE0B1F /* LimitsTests.swift */; };
		233E325AA13DE6A39ABD69E9 /* RecurringRuleSheet.swift in Sources */ = {isa = PBXBuildFile; fileRef = B54F5FBB8326951E806D6B65 /* RecurringRuleSheet.swift */; };
		255BB020E5661AD8377D4465 /* BankMatch.swift in Sources */ = {isa = PBXBuildFile; fileRef = A6C56B3C224BAFCF9A07789A /* BankMatch.swift */; };
		25FD552736CBF6CEC2CA859D /* RecurringRunTests.swift in Sources */ = {isa = PBXBuildFile; fileRef = 9DCEDE210E0ADD9F50756914 /* RecurringRunTests.swift */; };
		29D21C347F93D7CFAA6A6E8C /* PeriodGate.swift in Sources */ = {isa = PBXBuildFile; fileRef = 1794B1E43D9A741F78FA369D /* PeriodGate.swift */; };
		2A2E1FB569B2EA5F024AFAC0 /* Models.swift in Sources */ = {isa = PBXBuildFile; fileRef = 4E57212F3BC92DF066F97A5D /* Models.swift */; };
		2DE1DE12D6BF40DD00984A94 /* bank-match-vectors.json in Resources */ = {isa = PBXBuildFile; fileRef = 4B0E6306FDAAF1E4A42E3EFB /* bank-match-vectors.json */; };
		30D92D31F664DCB5530BE1CE /* GastosWatch.app in Embed Watch Content */ = {isa = PBXBuildFile; fileRef = DD7AB887D8188CBE39627CB9 /* GastosWatch.app */; settings = {ATTRIBUTES = (RemoveHeadersOnCopy, ); }; };
		33995B0192977E89FBC7A87C /* NewExpenseButton.swift in Sources */ = {isa = PBXBuildFile; fileRef = D79B6689EAB6FFB913F05D50 /* NewExpenseButton.swift */; };
		360A4A33883A51281C53AB3E /* SigningExpiryTests.swift in Sources */ = {isa = PBXBuildFile; fileRef = 6E21225B8D0199186BA4D194 /* SigningExpiryTests.swift */; };
		3C5BB0D6AC02E727A7F323D9 /* ServicesView.swift in Sources */ = {isa = PBXBuildFile; fileRef = 617A938BD68BDD5570598230 /* ServicesView.swift */; };
		3CC771E7F662936B06E4AB3C /* SettingsView.swift in Sources */ = {isa = PBXBuildFile; fileRef = 0963262547EEBAC0E33FC206 /* SettingsView.swift */; };
		3E6F9D838B86CDCA79822003 /* BankChargeInbox.swift in Sources */ = {isa = PBXBuildFile; fileRef = 74BB0B7A4BC0448318EDD7F4 /* BankChargeInbox.swift */; };
		40751E73CF6302E472E3D892 /* WidgetTheme.swift in Sources */ = {isa = PBXBuildFile; fileRef = 7A020E2EBE364106F3D0D993 /* WidgetTheme.swift */; };
		428BB77473B7E3909EC1729D /* RecurringPromptSheet.swift in Sources */ = {isa = PBXBuildFile; fileRef = 53931650482F664B2A869C76 /* RecurringPromptSheet.swift */; };
		4BC732E2A3297070B688F1A8 /* BankMatch.swift in Sources */ = {isa = PBXBuildFile; fileRef = A6C56B3C224BAFCF9A07789A /* BankMatch.swift */; };
		4BCB42C742AA0AEF0249879D /* SigningExpiryService.swift in Sources */ = {isa = PBXBuildFile; fileRef = 72F48EB2F9D4CAA9FE6E32A0 /* SigningExpiryService.swift */; };
		4D4AAC47A43A3EA75447AE54 /* AuthService.swift in Sources */ = {isa = PBXBuildFile; fileRef = 6E587EB83789FCE993DF108A /* AuthService.swift */; };
		4E69B79E88B780D632924EC8 /* Limits.swift in Sources */ = {isa = PBXBuildFile; fileRef = BB48A44A14A7CEAB4B8167C5 /* Limits.swift */; };
		53090F6F3B88DF29978FB3C3 /* GoogleSignIn in Frameworks */ = {isa = PBXBuildFile; productRef = DF6155B3FADEBC0E995FFDAB /* GoogleSignIn */; };
		53C5E2429E74903F201BB3C7 /* period-test-vectors.json in Resources */ = {isa = PBXBuildFile; fileRef = C72033E74D4C64FA8D3A9CDF /* period-test-vectors.json */; };
		574AA03DE657B924BDDD05FE /* PeriodSourceTests.swift in Sources */ = {isa = PBXBuildFile; fileRef = BA19DA21A068D1858A9CFA06 /* PeriodSourceTests.swift */; };
		579E9B6AACDA3892F25CA4D1 /* Suggestions.swift in Sources */ = {isa = PBXBuildFile; fileRef = A7391D78A935825853AF82E8 /* Suggestions.swift */; };
		57BB0825D7E2949E5C9C47E0 /* RecurringRulesTests.swift in Sources */ = {isa = PBXBuildFile; fileRef = 9FF743F833087A8F15FFF83F /* RecurringRulesTests.swift */; };
		59C9D7828AB360CD08F63705 /* BudgetEntryAmountTests.swift in Sources */ = {isa = PBXBuildFile; fileRef = C0C014102B7593E463B1877C /* BudgetEntryAmountTests.swift */; };
		620E9E198B310B8489B761C4 /* PeriodLogic.swift in Sources */ = {isa = PBXBuildFile; fileRef = 33010FD0D4F32F60CF103E5B /* PeriodLogic.swift */; };
		627E223B062A10AFAA54DAB5 /* Models.swift in Sources */ = {isa = PBXBuildFile; fileRef = 4E57212F3BC92DF066F97A5D /* Models.swift */; };
		6587E8BD10B23844E480A3EE /* AmountInput.swift in Sources */ = {isa = PBXBuildFile; fileRef = FDFDA56A24A7ED5CEC473556 /* AmountInput.swift */; };
		695114A1FAA0BCE9396E711E /* WatchConnectivityModel.swift in Sources */ = {isa = PBXBuildFile; fileRef = B851FD043A5C0E4296596D5B /* WatchConnectivityModel.swift */; };
		6B26CF85F3FF249737F375D6 /* MoneyFormatter.swift in Sources */ = {isa = PBXBuildFile; fileRef = 1648731F9FE441F1D1213CE1 /* MoneyFormatter.swift */; };
		6CA1551A6B3267D7207ED3D9 /* FirebaseAuth in Frameworks */ = {isa = PBXBuildFile; productRef = 1DADFAE9D104A64E62CA0628 /* FirebaseAuth */; };
		6D94CE730F3742DE498DC4AC /* GoogleService-Info.plist in Resources */ = {isa = PBXBuildFile; fileRef = 9FDB8AC9B42DEF1653002135 /* GoogleService-Info.plist */; };
		6DA14E99E2D79C4632755E9A /* RecurringRules.swift in Sources */ = {isa = PBXBuildFile; fileRef = 8654B3054370D4BD6E8D1BCF /* RecurringRules.swift */; };
		6F7E58DA7BCD71F86E3B1527 /* FontLoadingTests.swift in Sources */ = {isa = PBXBuildFile; fileRef = C345B9D45487CD25B1E84632 /* FontLoadingTests.swift */; };
		72AD37083B76A25BD836FC09 /* PeriodSource.swift in Sources */ = {isa = PBXBuildFile; fileRef = 378F62DF3E02BBAC41FDD81B /* PeriodSource.swift */; };
		75E2AC551C0C64DF1557688E /* Localizable.xcstrings in Resources */ = {isa = PBXBuildFile; fileRef = DCB0E7E3A151F080F5FB5164 /* Localizable.xcstrings */; };
		75EBE046089788B568A04A51 /* Localizable.xcstrings in Resources */ = {isa = PBXBuildFile; fileRef = 9DB8A352BB1E1E129697174D /* Localizable.xcstrings */; };
		76052EFDB664130C6E1AE31E /* AppModel+Recurring.swift in Sources */ = {isa = PBXBuildFile; fileRef = B502D07A5EEBE31204742E4B /* AppModel+Recurring.swift */; };
		786F5B1B507A647E8A3654BE /* BudgetSnapshot.swift in Sources */ = {isa = PBXBuildFile; fileRef = C279ABE8D939C232994D4A78 /* BudgetSnapshot.swift */; };
		79861EB2C2339C119443E9DB /* TestFonts.swift in Sources */ = {isa = PBXBuildFile; fileRef = 1E65928D5D49A9294DEEF332 /* TestFonts.swift */; };
		7B9BFCF3D3ADA8201371718C /* ExpenseDetailSheet.swift in Sources */ = {isa = PBXBuildFile; fileRef = 68E187C5D17DA1271983CA93 /* ExpenseDetailSheet.swift */; };
		7D1AAF704BF4D55A70318CB6 /* GastosWidgetBundle.swift in Sources */ = {isa = PBXBuildFile; fileRef = 7BD80F7CE174DAFC9EE37BC7 /* GastosWidgetBundle.swift */; };
		7EA97C6948F3179707160AE4 /* AppModel+BankCharges.swift in Sources */ = {isa = PBXBuildFile; fileRef = 0A08A562899EA9A00F9120A7 /* AppModel+BankCharges.swift */; };
		80A3C109218A10A989F3715B /* Localizable.xcstrings in Resources */ = {isa = PBXBuildFile; fileRef = DCB0E7E3A151F080F5FB5164 /* Localizable.xcstrings */; };
		82AA08A8AB7428185A6C6D74 /* AmountInput.swift in Sources */ = {isa = PBXBuildFile; fileRef = FDFDA56A24A7ED5CEC473556 /* AmountInput.swift */; };
		84FB52B876A78622D060E238 /* MoneyFormatter.swift in Sources */ = {isa = PBXBuildFile; fileRef = 1648731F9FE441F1D1213CE1 /* MoneyFormatter.swift */; };
		8C7EEBDB1C28B4539F79FA61 /* PeriodGateTests.swift in Sources */ = {isa = PBXBuildFile; fileRef = 601A81E5C53F86FD1428EF30 /* PeriodGateTests.swift */; };
		921160581B3C919EED509A2F /* UsdArsRate.swift in Sources */ = {isa = PBXBuildFile; fileRef = DA50F487EE5CB5CB28419723 /* UsdArsRate.swift */; };
		960B216F2EC4C75524BFE355 /* PeriodLogic.swift in Sources */ = {isa = PBXBuildFile; fileRef = 33010FD0D4F32F60CF103E5B /* PeriodLogic.swift */; };
		975427C455495F48C9D2C1AF /* BankCharges.swift in Sources */ = {isa = PBXBuildFile; fileRef = 868AE72F589D8CFE1362F1E2 /* BankCharges.swift */; };
		97B2460951F9FCDDD42C322B /* CardLogic.swift in Sources */ = {isa = PBXBuildFile; fileRef = 315F74278422350FB9D3B8F5 /* CardLogic.swift */; };
		98955B639EAC7AA2850D9E4F /* Components.swift in Sources */ = {isa = PBXBuildFile; fileRef = CD817EFBEB4088ABF190588B /* Components.swift */; };
		9931C3B0C653B02F0148E994 /* AppFontTests.swift in Sources */ = {isa = PBXBuildFile; fileRef = 1C8C08C8A0755F3F5424BA39 /* AppFontTests.swift */; };
		993C79A798814EDFC5506F46 /* ServiceLogic.swift in Sources */ = {isa = PBXBuildFile; fileRef = 0CB1E0209EBF466D3AEEC77A /* ServiceLogic.swift */; };
		998988C00C2EF7DFF3021301 /* Limits.swift in Sources */ = {isa = PBXBuildFile; fileRef = BB48A44A14A7CEAB4B8167C5 /* Limits.swift */; };
		99A6637FBF3FC99E6A7A2479 /* categories.json in Resources */ = {isa = PBXBuildFile; fileRef = 3D90613288B486DE309FFB3D /* categories.json */; };
		9B80C656E63162C79F9E2BB9 /* GastosWidget.appex in Embed Foundation Extensions */ = {isa = PBXBuildFile; fileRef = 5286F43846B5610F65AC6162 /* GastosWidget.appex */; settings = {ATTRIBUTES = (RemoveHeadersOnCopy, ); }; };
		9CB1FD757657B5B123CDBC61 /* ServiceNameVectorsTests.swift in Sources */ = {isa = PBXBuildFile; fileRef = 08F5C7217DFB5D8D3FBF2A0F /* ServiceNameVectorsTests.swift */; };
		9E788961B4A6AF7EB55E67B1 /* L10n.swift in Sources */ = {isa = PBXBuildFile; fileRef = 8C60ADD48A6501D6D9659577 /* L10n.swift */; };
		A1855EDBAC366037CD601811 /* CardTaxesTests.swift in Sources */ = {isa = PBXBuildFile; fileRef = E8A35F7729A25C4D60FCE2F8 /* CardTaxesTests.swift */; };
		A25CCCDCE1331AD83E4AB6F8 /* service-name-vectors.json in Resources */ = {isa = PBXBuildFile; fileRef = 85508AFE6645D7929BD59991 /* service-name-vectors.json */; };
		A26E522293A59DCF406CE539 /* Outfit-Variable.ttf in Resources */ = {isa = PBXBuildFile; fileRef = 82AA9BE64B0ED51CC48EFEBE /* Outfit-Variable.ttf */; };
		A63A3492DD9D441082FB7708 /* SigningExpiryService.swift in Sources */ = {isa = PBXBuildFile; fileRef = 72F48EB2F9D4CAA9FE6E32A0 /* SigningExpiryService.swift */; };
		A691750E725335D247FFD9DF /* AppModel.swift in Sources */ = {isa = PBXBuildFile; fileRef = 01CB733D4BFFA92DAF919CF9 /* AppModel.swift */; };
		A696DEF93E414E411BA72787 /* BankMatchTests.swift in Sources */ = {isa = PBXBuildFile; fileRef = D94A7D2E3A42FEF62ECC8E8A /* BankMatchTests.swift */; };
		A786E2B4EA2124453BB668EC /* RichTextTests.swift in Sources */ = {isa = PBXBuildFile; fileRef = 890A88734AEF52E42002B803 /* RichTextTests.swift */; };
		A7C406274742F83ED929D08A /* AppModel+Periods.swift in Sources */ = {isa = PBXBuildFile; fileRef = FE730A72F4AA0D8F074B730C /* AppModel+Periods.swift */; };
		A8C6F65D77989462924749CC /* CreateFromChargeSheet.swift in Sources */ = {isa = PBXBuildFile; fileRef = 3185D8D0B36CD3028B6C8CBE /* CreateFromChargeSheet.swift */; };
		AB31DB5E6297D5AB58B90E92 /* OnboardingView.swift in Sources */ = {isa = PBXBuildFile; fileRef = 816764347B74B6B002EF8A25 /* OnboardingView.swift */; };
		B0BD3A859D155D97BF2C2E01 /* PeriodLogicTests.swift in Sources */ = {isa = PBXBuildFile; fileRef = DB4FCA6646C9D9BB19D95B20 /* PeriodLogicTests.swift */; };
		B8B8678F8DD712F649924559 /* GastosWatchApp.swift in Sources */ = {isa = PBXBuildFile; fileRef = A7FEE4AD40A266ADA23A1B99 /* GastosWatchApp.swift */; };
		B9798564E916545FC596301B /* GoogleSignInSwift in Frameworks */ = {isa = PBXBuildFile; productRef = 938A0A8D757CDEFC35CF85FD /* GoogleSignInSwift */; };
		B9F41D325A7FEB9EF54F5A66 /* CountLabelTests.swift in Sources */ = {isa = PBXBuildFile; fileRef = 6149E0BE1456D048D490F366 /* CountLabelTests.swift */; };
		BA27BD0F25B35E9D7B97D9AB /* UsdArsRate.swift in Sources */ = {isa = PBXBuildFile; fileRef = DA50F487EE5CB5CB28419723 /* UsdArsRate.swift */; };
		BA55EAB3A8209FB479CA9104 /* PeriodGate.swift in Sources */ = {isa = PBXBuildFile; fileRef = 1794B1E43D9A741F78FA369D /* PeriodGate.swift */; };
		BA6104FEE86502169BAECA7D /* ServiceLogicTests.swift in Sources */ = {isa = PBXBuildFile; fileRef = 8043182EF7DF168D7084E96E /* ServiceLogicTests.swift */; };
		BA7C85206BFA1C4737B5D6CD /* ServiceLogic.swift in Sources */ = {isa = PBXBuildFile; fileRef = 0CB1E0209EBF466D3AEEC77A /* ServiceLogic.swift */; };
		BB8A293F405068FE03D1D24D /* WatchEntryView.swift in Sources */ = {isa = PBXBuildFile; fileRef = E9DF8AB78E48D25CD17E3699 /* WatchEntryView.swift */; };
		BF9CAD3298E7CB5B03E1AC41 /* ModelDecodingTests.swift in Sources */ = {isa = PBXBuildFile; fileRef = B7EC5992D1786FDB955842A7 /* ModelDecodingTests.swift */; };
		C04366713899D7FEDDED3F31 /* ReminderService.swift in Sources */ = {isa = PBXBuildFile; fileRef = 9D321AA370E8BB907F772691 /* ReminderService.swift */; };
		C238BB660BCF1C05CFEE5C03 /* WatchSupport.swift in Sources */ = {isa = PBXBuildFile; fileRef = FA6AD3615C464D47F7851C01 /* WatchSupport.swift */; };
		C324854E23561BA729B6BF3A /* CardsView.swift in Sources */ = {isa = PBXBuildFile; fileRef = 5A8D40315BC72C492DC7F612 /* CardsView.swift */; };
		C40D9F32D98A4159AAC5F36A /* Assets.xcassets in Resources */ = {isa = PBXBuildFile; fileRef = C35B975BAE3FF62A1F8C5C5B /* Assets.xcassets */; };
		C76178D2612E9E9DAD64234A /* BankChargeInbox.swift in Sources */ = {isa = PBXBuildFile; fileRef = 74BB0B7A4BC0448318EDD7F4 /* BankChargeInbox.swift */; };
		C772132D6CCE6D7BAFF63B83 /* WidgetBridge.swift in Sources */ = {isa = PBXBuildFile; fileRef = F467DEFAA7E6B9516B432350 /* WidgetBridge.swift */; };
		CABCDE7AC6FBE5B196153B33 /* RichText.swift in Sources */ = {isa = PBXBuildFile; fileRef = 4DCBB00769A8B0E6C9C14C7B /* RichText.swift */; };
		CB805A0DE365F08D963B27F4 /* RecurringRules.swift in Sources */ = {isa = PBXBuildFile; fileRef = 8654B3054370D4BD6E8D1BCF /* RecurringRules.swift */; };
		D09CA52C647A7C78F91FD03A /* VerifyExpenseSheet.swift in Sources */ = {isa = PBXBuildFile; fileRef = B7EB984FFC789B226CD9BCAE /* VerifyExpenseSheet.swift */; };
		D17C520851495F18D9942B08 /* CardLogic.swift in Sources */ = {isa = PBXBuildFile; fileRef = 315F74278422350FB9D3B8F5 /* CardLogic.swift */; };
		D1CB45992765268A06B09499 /* RichText.swift in Sources */ = {isa = PBXBuildFile; fileRef = 4DCBB00769A8B0E6C9C14C7B /* RichText.swift */; };
		D33F7D554C4C5FD2399FF6AA /* SuggestionsTests.swift in Sources */ = {isa = PBXBuildFile; fileRef = B6BADDD6BD96E0AC52AA90BD /* SuggestionsTests.swift */; };
		D464B0F3DC9801FD306ED9BF /* Outfit-Variable.ttf in Resources */ = {isa = PBXBuildFile; fileRef = 82AA9BE64B0ED51CC48EFEBE /* Outfit-Variable.ttf */; };
		D718858D71639FB5971BB040 /* AppModel+Derived.swift in Sources */ = {isa = PBXBuildFile; fileRef = B052A6D84051AEBFD695D248 /* AppModel+Derived.swift */; };
		D788D004B217A867FDB2AFCC /* Suggestions.swift in Sources */ = {isa = PBXBuildFile; fileRef = A7391D78A935825853AF82E8 /* Suggestions.swift */; };
		D9EEDEBCF7C550EB083D9A77 /* ExpenseFormView.swift in Sources */ = {isa = PBXBuildFile; fileRef = CD7C71A5F1048ED2C6C10DC1 /* ExpenseFormView.swift */; };
		DA3EB32DD71D76BB0D180F07 /* PiggyMark.swift in Sources */ = {isa = PBXBuildFile; fileRef = 41B16DC6515AA26D9A69421B /* PiggyMark.swift */; };
		DBF92DBA2ED8F4D03BD56082 /* FontScalingPathTests.swift in Sources */ = {isa = PBXBuildFile; fileRef = F0756724E83AD6DEFC752D33 /* FontScalingPathTests.swift */; };
		DC8BD7C083E062E2413F394E /* FirestoreService.swift in Sources */ = {isa = PBXBuildFile; fileRef = CB1A5ECB05DBEE86FA7547C1 /* FirestoreService.swift */; };
		DE03267C6769998D930153C4 /* NewPeriodScreen.swift in Sources */ = {isa = PBXBuildFile; fileRef = 76BD8EE1A3CD15AE790130E5 /* NewPeriodScreen.swift */; };
		DE1A7C2E02284B6A0914E9D0 /* recurring-vectors.json in Resources */ = {isa = PBXBuildFile; fileRef = 153CB5414EDED4D3AA02CAED /* recurring-vectors.json */; };
		DF66130CA4A9CBFC15E279A7 /* L10n.swift in Sources */ = {isa = PBXBuildFile; fileRef = 8C60ADD48A6501D6D9659577 /* L10n.swift */; };
		DFEEC44DB527057E39883E8F /* HistoryView.swift in Sources */ = {isa = PBXBuildFile; fileRef = 067C280D5CF24508EBF0B210 /* HistoryView.swift */; };
		E05C09F46DEA0AA043642715 /* QuickEntryIntent.swift in Sources */ = {isa = PBXBuildFile; fileRef = 8FEDE9F8A530ADDCFB8FA1C5 /* QuickEntryIntent.swift */; };
		E15BA17BEE14A62823E87874 /* categories.json in Resources */ = {isa = PBXBuildFile; fileRef = 3D90613288B486DE309FFB3D /* categories.json */; };
		E9849EFE9B41C08E868E0B2A /* ExpenseVerificationTests.swift in Sources */ = {isa = PBXBuildFile; fileRef = DA5FE12DED78A2224848A67D /* ExpenseVerificationTests.swift */; };
		EE0860D11928B5D6DFC5EE02 /* Assets.xcassets in Resources */ = {isa = PBXBuildFile; fileRef = FBB29AD844640CDBD8A2F72C /* Assets.xcassets */; };
		EF6688BDED2B7DEDB93EDEAD /* Theme.swift in Sources */ = {isa = PBXBuildFile; fileRef = 7E9DDEF9ED1920FC461324CC /* Theme.swift */; };
		F25F3EAEFBF172CB54826325 /* PeriodSource.swift in Sources */ = {isa = PBXBuildFile; fileRef = 378F62DF3E02BBAC41FDD81B /* PeriodSource.swift */; };
		F8B6DBB9BA7AD6EEC0C6543D /* Localizable.xcstrings in Resources */ = {isa = PBXBuildFile; fileRef = D15701C61114BACDF847A50C /* Localizable.xcstrings */; };
		FD84AB7E81CC025C1FEF85D3 /* CategoriesManagerView.swift in Sources */ = {isa = PBXBuildFile; fileRef = 3B1186604B7C10DBF0F7B337 /* CategoriesManagerView.swift */; };
		FE11495AB34CC08635326593 /* BankChargeInboxTests.swift in Sources */ = {isa = PBXBuildFile; fileRef = 100EBDA8F0CF3F8E0FE41E98 /* BankChargeInboxTests.swift */; };
/* End PBXBuildFile section */

/* Begin PBXContainerItemProxy section */
		5845F03AD24302F08718E549 /* PBXContainerItemProxy */ = {
			isa = PBXContainerItemProxy;
			containerPortal = 80F1F6F254FA52C3DFDD4C73 /* Project object */;
			proxyType = 1;
			remoteGlobalIDString = D25D32047EB65E17D3009C4B;
			remoteInfo = GastosWidget;
		};
		AFBBE84B72C2DFD67314AD10 /* PBXContainerItemProxy */ = {
			isa = PBXContainerItemProxy;
			containerPortal = 80F1F6F254FA52C3DFDD4C73 /* Project object */;
			proxyType = 1;
			remoteGlobalIDString = B41C2E4BA53E44F59150466E;
			remoteInfo = GastosWatch;
		};
/* End PBXContainerItemProxy section */

/* Begin PBXCopyFilesBuildPhase section */
		1348BC2A371CC38A8759A725 /* Embed Foundation Extensions */ = {
			isa = PBXCopyFilesBuildPhase;
			buildActionMask = 2147483647;
			dstPath = "";
			dstSubfolderSpec = 13;
			files = (
				9B80C656E63162C79F9E2BB9 /* GastosWidget.appex in Embed Foundation Extensions */,
			);
			name = "Embed Foundation Extensions";
			runOnlyForDeploymentPostprocessing = 0;
		};
		7598EC7F215FDCBA013D4683 /* Embed Watch Content */ = {
			isa = PBXCopyFilesBuildPhase;
			buildActionMask = 2147483647;
			dstPath = "$(CONTENTS_FOLDER_PATH)/Watch";
			dstSubfolderSpec = 16;
			files = (
				30D92D31F664DCB5530BE1CE /* GastosWatch.app in Embed Watch Content */,
			);
			name = "Embed Watch Content";
			runOnlyForDeploymentPostprocessing = 0;
		};
/* End PBXCopyFilesBuildPhase section */

/* Begin PBXFileReference section */
		01CB733D4BFFA92DAF919CF9 /* AppModel.swift */ = {isa = PBXFileReference; lastKnownFileType = sourcecode.swift; path = AppModel.swift; sourceTree = "<group>"; };
		01D4600AE62B3542F20C1794 /* ExtendPeriodSheet.swift */ = {isa = PBXFileReference; lastKnownFileType = sourcecode.swift; path = ExtendPeriodSheet.swift; sourceTree = "<group>"; };
		067C280D5CF24508EBF0B210 /* HistoryView.swift */ = {isa = PBXFileReference; lastKnownFileType = sourcecode.swift; path = HistoryView.swift; sourceTree = "<group>"; };
		08F5C7217DFB5D8D3FBF2A0F /* ServiceNameVectorsTests.swift */ = {isa = PBXFileReference; lastKnownFileType = sourcecode.swift; path = ServiceNameVectorsTests.swift; sourceTree = "<group>"; };
		0963262547EEBAC0E33FC206 /* SettingsView.swift */ = {isa = PBXFileReference; lastKnownFileType = sourcecode.swift; path = SettingsView.swift; sourceTree = "<group>"; };
		0A08A562899EA9A00F9120A7 /* AppModel+BankCharges.swift */ = {isa = PBXFileReference; lastKnownFileType = sourcecode.swift; path = "AppModel+BankCharges.swift"; sourceTree = "<group>"; };
		0CB1E0209EBF466D3AEEC77A /* ServiceLogic.swift */ = {isa = PBXFileReference; lastKnownFileType = sourcecode.swift; path = ServiceLogic.swift; sourceTree = "<group>"; };
		100EBDA8F0CF3F8E0FE41E98 /* BankChargeInboxTests.swift */ = {isa = PBXFileReference; lastKnownFileType = sourcecode.swift; path = BankChargeInboxTests.swift; sourceTree = "<group>"; };
		153CB5414EDED4D3AA02CAED /* recurring-vectors.json */ = {isa = PBXFileReference; lastKnownFileType = text.json; path = "recurring-vectors.json"; sourceTree = "<group>"; };
		1648731F9FE441F1D1213CE1 /* MoneyFormatter.swift */ = {isa = PBXFileReference; lastKnownFileType = sourcecode.swift; path = MoneyFormatter.swift; sourceTree = "<group>"; };
		1794B1E43D9A741F78FA369D /* PeriodGate.swift */ = {isa = PBXFileReference; lastKnownFileType = sourcecode.swift; path = PeriodGate.swift; sourceTree = "<group>"; };
		1C8C08C8A0755F3F5424BA39 /* AppFontTests.swift */ = {isa = PBXFileReference; lastKnownFileType = sourcecode.swift; path = AppFontTests.swift; sourceTree = "<group>"; };
		1E65928D5D49A9294DEEF332 /* TestFonts.swift */ = {isa = PBXFileReference; lastKnownFileType = sourcecode.swift; path = TestFonts.swift; sourceTree = "<group>"; };
		2455C66D49C163A08191D086 /* GastosApp.swift */ = {isa = PBXFileReference; lastKnownFileType = sourcecode.swift; path = GastosApp.swift; sourceTree = "<group>"; };
		2818DB6ADEF5F20A81A5F111 /* Gastos.entitlements */ = {isa = PBXFileReference; lastKnownFileType = text.plist.entitlements; path = Gastos.entitlements; sourceTree = "<group>"; };
		2F1934B38A615BECC1D5E398 /* BudgetAmountEditor.swift */ = {isa = PBXFileReference; lastKnownFileType = sourcecode.swift; path = BudgetAmountEditor.swift; sourceTree = "<group>"; };
		315F74278422350FB9D3B8F5 /* CardLogic.swift */ = {isa = PBXFileReference; lastKnownFileType = sourcecode.swift; path = CardLogic.swift; sourceTree = "<group>"; };
		3185D8D0B36CD3028B6C8CBE /* CreateFromChargeSheet.swift */ = {isa = PBXFileReference; lastKnownFileType = sourcecode.swift; path = CreateFromChargeSheet.swift; sourceTree = "<group>"; };
		326DE0250998DB6FD336ADB1 /* Gastos.app */ = {isa = PBXFileReference; includeInIndex = 0; lastKnownFileType = wrapper.application; path = Gastos.app; sourceTree = BUILT_PRODUCTS_DIR; };
		33010FD0D4F32F60CF103E5B /* PeriodLogic.swift */ = {isa = PBXFileReference; lastKnownFileType = sourcecode.swift; path = PeriodLogic.swift; sourceTree = "<group>"; };
		378F62DF3E02BBAC41FDD81B /* PeriodSource.swift */ = {isa = PBXFileReference; lastKnownFileType = sourcecode.swift; path = PeriodSource.swift; sourceTree = "<group>"; };
		3B1186604B7C10DBF0F7B337 /* CategoriesManagerView.swift */ = {isa = PBXFileReference; lastKnownFileType = sourcecode.swift; path = CategoriesManagerView.swift; sourceTree = "<group>"; };
		3D90613288B486DE309FFB3D /* categories.json */ = {isa = PBXFileReference; lastKnownFileType = text.json; path = categories.json; sourceTree = "<group>"; };
		3F06395060DEFBF7F0F052DB /* Info.plist */ = {isa = PBXFileReference; lastKnownFileType = text.plist; path = Info.plist; sourceTree = "<group>"; };
		3FE4481C1E27B95BC2F45054 /* WatchSyncService.swift */ = {isa = PBXFileReference; lastKnownFileType = sourcecode.swift; path = WatchSyncService.swift; sourceTree = "<group>"; };
		41B16DC6515AA26D9A69421B /* PiggyMark.swift */ = {isa = PBXFileReference; lastKnownFileType = sourcecode.swift; path = PiggyMark.swift; sourceTree = "<group>"; };
		4971A2A2D262FEEC93A402EB /* GastosTests.xctest */ = {isa = PBXFileReference; includeInIndex = 0; lastKnownFileType = wrapper.cfbundle; path = GastosTests.xctest; sourceTree = BUILT_PRODUCTS_DIR; };
		4B0E6306FDAAF1E4A42E3EFB /* bank-match-vectors.json */ = {isa = PBXFileReference; lastKnownFileType = text.json; path = "bank-match-vectors.json"; sourceTree = "<group>"; };
		4DCBB00769A8B0E6C9C14C7B /* RichText.swift */ = {isa = PBXFileReference; lastKnownFileType = sourcecode.swift; path = RichText.swift; sourceTree = "<group>"; };
		4E57212F3BC92DF066F97A5D /* Models.swift */ = {isa = PBXFileReference; lastKnownFileType = sourcecode.swift; path = Models.swift; sourceTree = "<group>"; };
		5286F43846B5610F65AC6162 /* GastosWidget.appex */ = {isa = PBXFileReference; includeInIndex = 0; lastKnownFileType = "wrapper.app-extension"; path = GastosWidget.appex; sourceTree = BUILT_PRODUCTS_DIR; };
		53931650482F664B2A869C76 /* RecurringPromptSheet.swift */ = {isa = PBXFileReference; lastKnownFileType = sourcecode.swift; path = RecurringPromptSheet.swift; sourceTree = "<group>"; };
		5A8D40315BC72C492DC7F612 /* CardsView.swift */ = {isa = PBXFileReference; lastKnownFileType = sourcecode.swift; path = CardsView.swift; sourceTree = "<group>"; };
		5D3927D960B921308F0339E5 /* BudgetWidget.swift */ = {isa = PBXFileReference; lastKnownFileType = sourcecode.swift; path = BudgetWidget.swift; sourceTree = "<group>"; };
		601A81E5C53F86FD1428EF30 /* PeriodGateTests.swift */ = {isa = PBXFileReference; lastKnownFileType = sourcecode.swift; path = PeriodGateTests.swift; sourceTree = "<group>"; };
		6149E0BE1456D048D490F366 /* CountLabelTests.swift */ = {isa = PBXFileReference; lastKnownFileType = sourcecode.swift; path = CountLabelTests.swift; sourceTree = "<group>"; };
		617A938BD68BDD5570598230 /* ServicesView.swift */ = {isa = PBXFileReference; lastKnownFileType = sourcecode.swift; path = ServicesView.swift; sourceTree = "<group>"; };
		651AB99544B0D1A42041AE16 /* SummaryView.swift */ = {isa = PBXFileReference; lastKnownFileType = sourcecode.swift; path = SummaryView.swift; sourceTree = "<group>"; };
		68E187C5D17DA1271983CA93 /* ExpenseDetailSheet.swift */ = {isa = PBXFileReference; lastKnownFileType = sourcecode.swift; path = ExpenseDetailSheet.swift; sourceTree = "<group>"; };
		6E21225B8D0199186BA4D194 /* SigningExpiryTests.swift */ = {isa = PBXFileReference; lastKnownFileType = sourcecode.swift; path = SigningExpiryTests.swift; sourceTree = "<group>"; };
		6E587EB83789FCE993DF108A /* AuthService.swift */ = {isa = PBXFileReference; lastKnownFileType = sourcecode.swift; path = AuthService.swift; sourceTree = "<group>"; };
		72F48EB2F9D4CAA9FE6E32A0 /* SigningExpiryService.swift */ = {isa = PBXFileReference; lastKnownFileType = sourcecode.swift; path = SigningExpiryService.swift; sourceTree = "<group>"; };
		74BB0B7A4BC0448318EDD7F4 /* BankChargeInbox.swift */ = {isa = PBXFileReference; lastKnownFileType = sourcecode.swift; path = BankChargeInbox.swift; sourceTree = "<group>"; };
		76BD8EE1A3CD15AE790130E5 /* NewPeriodScreen.swift */ = {isa = PBXFileReference; lastKnownFileType = sourcecode.swift; path = NewPeriodScreen.swift; sourceTree = "<group>"; };
		7A020E2EBE364106F3D0D993 /* WidgetTheme.swift */ = {isa = PBXFileReference; lastKnownFileType = sourcecode.swift; path = WidgetTheme.swift; sourceTree = "<group>"; };
		7BD80F7CE174DAFC9EE37BC7 /* GastosWidgetBundle.swift */ = {isa = PBXFileReference; lastKnownFileType = sourcecode.swift; path = GastosWidgetBundle.swift; sourceTree = "<group>"; };
		7E9DDEF9ED1920FC461324CC /* Theme.swift */ = {isa = PBXFileReference; lastKnownFileType = sourcecode.swift; path = Theme.swift; sourceTree = "<group>"; };
		8043182EF7DF168D7084E96E /* ServiceLogicTests.swift */ = {isa = PBXFileReference; lastKnownFileType = sourcecode.swift; path = ServiceLogicTests.swift; sourceTree = "<group>"; };
		816764347B74B6B002EF8A25 /* OnboardingView.swift */ = {isa = PBXFileReference; lastKnownFileType = sourcecode.swift; path = OnboardingView.swift; sourceTree = "<group>"; };
		82AA9BE64B0ED51CC48EFEBE /* Outfit-Variable.ttf */ = {isa = PBXFileReference; lastKnownFileType = file; path = "Outfit-Variable.ttf"; sourceTree = "<group>"; };
		85508AFE6645D7929BD59991 /* service-name-vectors.json */ = {isa = PBXFileReference; lastKnownFileType = text.json; path = "service-name-vectors.json"; sourceTree = "<group>"; };
		8654B3054370D4BD6E8D1BCF /* RecurringRules.swift */ = {isa = PBXFileReference; lastKnownFileType = sourcecode.swift; path = RecurringRules.swift; sourceTree = "<group>"; };
		868AE72F589D8CFE1362F1E2 /* BankCharges.swift */ = {isa = PBXFileReference; lastKnownFileType = sourcecode.swift; path = BankCharges.swift; sourceTree = "<group>"; };
		88697FE91DBCB7A2DF861AA3 /* Info.plist */ = {isa = PBXFileReference; lastKnownFileType = text.plist; path = Info.plist; sourceTree = "<group>"; };
		890A88734AEF52E42002B803 /* RichTextTests.swift */ = {isa = PBXFileReference; lastKnownFileType = sourcecode.swift; path = RichTextTests.swift; sourceTree = "<group>"; };
		8C60ADD48A6501D6D9659577 /* L10n.swift */ = {isa = PBXFileReference; lastKnownFileType = sourcecode.swift; path = L10n.swift; sourceTree = "<group>"; };
		8F785322FFCA80A43799A194 /* ServiceNotePicker.swift */ = {isa = PBXFileReference; lastKnownFileType = sourcecode.swift; path = ServiceNotePicker.swift; sourceTree = "<group>"; };
		8FEDE9F8A530ADDCFB8FA1C5 /* QuickEntryIntent.swift */ = {isa = PBXFileReference; lastKnownFileType = sourcecode.swift; path = QuickEntryIntent.swift; sourceTree = "<group>"; };
		9D321AA370E8BB907F772691 /* ReminderService.swift */ = {isa = PBXFileReference; lastKnownFileType = sourcecode.swift; path = ReminderService.swift; sourceTree = "<group>"; };
		9DB8A352BB1E1E129697174D /* Localizable.xcstrings */ = {isa = PBXFileReference; lastKnownFileType = text.json.xcstrings; path = Localizable.xcstrings; sourceTree = "<group>"; };
		9DCEDE210E0ADD9F50756914 /* RecurringRunTests.swift */ = {isa = PBXFileReference; lastKnownFileType = sourcecode.swift; path = RecurringRunTests.swift; sourceTree = "<group>"; };
		9FDB8AC9B42DEF1653002135 /* GoogleService-Info.plist */ = {isa = PBXFileReference; lastKnownFileType = text.plist; path = "GoogleService-Info.plist"; sourceTree = "<group>"; };
		9FF743F833087A8F15FFF83F /* RecurringRulesTests.swift */ = {isa = PBXFileReference; lastKnownFileType = sourcecode.swift; path = RecurringRulesTests.swift; sourceTree = "<group>"; };
		A3735D65DE5E5F8A566E14E5 /* RootView.swift */ = {isa = PBXFileReference; lastKnownFileType = sourcecode.swift; path = RootView.swift; sourceTree = "<group>"; };
		A6C56B3C224BAFCF9A07789A /* BankMatch.swift */ = {isa = PBXFileReference; lastKnownFileType = sourcecode.swift; path = BankMatch.swift; sourceTree = "<group>"; };
		A7391D78A935825853AF82E8 /* Suggestions.swift */ = {isa = PBXFileReference; lastKnownFileType = sourcecode.swift; path = Suggestions.swift; sourceTree = "<group>"; };
		A7FEE4AD40A266ADA23A1B99 /* GastosWatchApp.swift */ = {isa = PBXFileReference; lastKnownFileType = sourcecode.swift; path = GastosWatchApp.swift; sourceTree = "<group>"; };
		AA8649A56B638FCED8CE0B1F /* LimitsTests.swift */ = {isa = PBXFileReference; lastKnownFileType = sourcecode.swift; path = LimitsTests.swift; sourceTree = "<group>"; };
		B052A6D84051AEBFD695D248 /* AppModel+Derived.swift */ = {isa = PBXFileReference; lastKnownFileType = sourcecode.swift; path = "AppModel+Derived.swift"; sourceTree = "<group>"; };
		B502D07A5EEBE31204742E4B /* AppModel+Recurring.swift */ = {isa = PBXFileReference; lastKnownFileType = sourcecode.swift; path = "AppModel+Recurring.swift"; sourceTree = "<group>"; };
		B54F5FBB8326951E806D6B65 /* RecurringRuleSheet.swift */ = {isa = PBXFileReference; lastKnownFileType = sourcecode.swift; path = RecurringRuleSheet.swift; sourceTree = "<group>"; };
		B6BADDD6BD96E0AC52AA90BD /* SuggestionsTests.swift */ = {isa = PBXFileReference; lastKnownFileType = sourcecode.swift; path = SuggestionsTests.swift; sourceTree = "<group>"; };
		B7EB984FFC789B226CD9BCAE /* VerifyExpenseSheet.swift */ = {isa = PBXFileReference; lastKnownFileType = sourcecode.swift; path = VerifyExpenseSheet.swift; sourceTree = "<group>"; };
		B7EC5992D1786FDB955842A7 /* ModelDecodingTests.swift */ = {isa = PBXFileReference; lastKnownFileType = sourcecode.swift; path = ModelDecodingTests.swift; sourceTree = "<group>"; };
		B851FD043A5C0E4296596D5B /* WatchConnectivityModel.swift */ = {isa = PBXFileReference; lastKnownFileType = sourcecode.swift; path = WatchConnectivityModel.swift; sourceTree = "<group>"; };
		BA19DA21A068D1858A9CFA06 /* PeriodSourceTests.swift */ = {isa = PBXFileReference; lastKnownFileType = sourcecode.swift; path = PeriodSourceTests.swift; sourceTree = "<group>"; };
		BB48A44A14A7CEAB4B8167C5 /* Limits.swift */ = {isa = PBXFileReference; lastKnownFileType = sourcecode.swift; path = Limits.swift; sourceTree = "<group>"; };
		C0C014102B7593E463B1877C /* BudgetEntryAmountTests.swift */ = {isa = PBXFileReference; lastKnownFileType = sourcecode.swift; path = BudgetEntryAmountTests.swift; sourceTree = "<group>"; };
		C279ABE8D939C232994D4A78 /* BudgetSnapshot.swift */ = {isa = PBXFileReference; lastKnownFileType = sourcecode.swift; path = BudgetSnapshot.swift; sourceTree = "<group>"; };
		C345B9D45487CD25B1E84632 /* FontLoadingTests.swift */ = {isa = PBXFileReference; lastKnownFileType = sourcecode.swift; path = FontLoadingTests.swift; sourceTree = "<group>"; };
		C35B975BAE3FF62A1F8C5C5B /* Assets.xcassets */ = {isa = PBXFileReference; lastKnownFileType = folder.assetcatalog; path = Assets.xcassets; sourceTree = "<group>"; };
		C72033E74D4C64FA8D3A9CDF /* period-test-vectors.json */ = {isa = PBXFileReference; lastKnownFileType = text.json; path = "period-test-vectors.json"; sourceTree = "<group>"; };
		CB1A5ECB05DBEE86FA7547C1 /* FirestoreService.swift */ = {isa = PBXFileReference; lastKnownFileType = sourcecode.swift; path = FirestoreService.swift; sourceTree = "<group>"; };
		CD7C71A5F1048ED2C6C10DC1 /* ExpenseFormView.swift */ = {isa = PBXFileReference; lastKnownFileType = sourcecode.swift; path = ExpenseFormView.swift; sourceTree = "<group>"; };
		CD817EFBEB4088ABF190588B /* Components.swift */ = {isa = PBXFileReference; lastKnownFileType = sourcecode.swift; path = Components.swift; sourceTree = "<group>"; };
		D15701C61114BACDF847A50C /* Localizable.xcstrings */ = {isa = PBXFileReference; lastKnownFileType = text.json.xcstrings; path = Localizable.xcstrings; sourceTree = "<group>"; };
		D79B6689EAB6FFB913F05D50 /* NewExpenseButton.swift */ = {isa = PBXFileReference; lastKnownFileType = sourcecode.swift; path = NewExpenseButton.swift; sourceTree = "<group>"; };
		D94A7D2E3A42FEF62ECC8E8A /* BankMatchTests.swift */ = {isa = PBXFileReference; lastKnownFileType = sourcecode.swift; path = BankMatchTests.swift; sourceTree = "<group>"; };
		DA50F487EE5CB5CB28419723 /* UsdArsRate.swift */ = {isa = PBXFileReference; lastKnownFileType = sourcecode.swift; path = UsdArsRate.swift; sourceTree = "<group>"; };
		DA5FE12DED78A2224848A67D /* ExpenseVerificationTests.swift */ = {isa = PBXFileReference; lastKnownFileType = sourcecode.swift; path = ExpenseVerificationTests.swift; sourceTree = "<group>"; };
		DB4FCA6646C9D9BB19D95B20 /* PeriodLogicTests.swift */ = {isa = PBXFileReference; lastKnownFileType = sourcecode.swift; path = PeriodLogicTests.swift; sourceTree = "<group>"; };
		DCB0E7E3A151F080F5FB5164 /* Localizable.xcstrings */ = {isa = PBXFileReference; lastKnownFileType = text.json.xcstrings; path = Localizable.xcstrings; sourceTree = "<group>"; };
		DD7AB887D8188CBE39627CB9 /* GastosWatch.app */ = {isa = PBXFileReference; explicitFileType = wrapper.application; includeInIndex = 0; path = GastosWatch.app; sourceTree = BUILT_PRODUCTS_DIR; };
		DEA5AAE1082912D3BCC3D1B8 /* GastosWidget.entitlements */ = {isa = PBXFileReference; lastKnownFileType = text.plist.entitlements; path = GastosWidget.entitlements; sourceTree = "<group>"; };
		E8A35F7729A25C4D60FCE2F8 /* CardTaxesTests.swift */ = {isa = PBXFileReference; lastKnownFileType = sourcecode.swift; path = CardTaxesTests.swift; sourceTree = "<group>"; };
		E9DF8AB78E48D25CD17E3699 /* WatchEntryView.swift */ = {isa = PBXFileReference; lastKnownFileType = sourcecode.swift; path = WatchEntryView.swift; sourceTree = "<group>"; };
		F0756724E83AD6DEFC752D33 /* FontScalingPathTests.swift */ = {isa = PBXFileReference; lastKnownFileType = sourcecode.swift; path = FontScalingPathTests.swift; sourceTree = "<group>"; };
		F467DEFAA7E6B9516B432350 /* WidgetBridge.swift */ = {isa = PBXFileReference; lastKnownFileType = sourcecode.swift; path = WidgetBridge.swift; sourceTree = "<group>"; };
		F48919FA9322AB500AE8BC68 /* Info.plist */ = {isa = PBXFileReference; lastKnownFileType = text.plist; path = Info.plist; sourceTree = "<group>"; };
		FA6AD3615C464D47F7851C01 /* WatchSupport.swift */ = {isa = PBXFileReference; lastKnownFileType = sourcecode.swift; path = WatchSupport.swift; sourceTree = "<group>"; };
		FBB29AD844640CDBD8A2F72C /* Assets.xcassets */ = {isa = PBXFileReference; lastKnownFileType = folder.assetcatalog; path = Assets.xcassets; sourceTree = "<group>"; };
		FDFDA56A24A7ED5CEC473556 /* AmountInput.swift */ = {isa = PBXFileReference; lastKnownFileType = sourcecode.swift; path = AmountInput.swift; sourceTree = "<group>"; };
		FE730A72F4AA0D8F074B730C /* AppModel+Periods.swift */ = {isa = PBXFileReference; lastKnownFileType = sourcecode.swift; path = "AppModel+Periods.swift"; sourceTree = "<group>"; };
/* End PBXFileReference section */

/* Begin PBXFrameworksBuildPhase section */
		158A643E35F115BC1BCCA795 /* Frameworks */ = {
			isa = PBXFrameworksBuildPhase;
			buildActionMask = 2147483647;
			files = (
				0D06A7B8C4AF4F55893426CD /* FirebaseFirestore in Frameworks */,
			);
			runOnlyForDeploymentPostprocessing = 0;
		};
		86749706B0492F8CA61C0335 /* Frameworks */ = {
			isa = PBXFrameworksBuildPhase;
			buildActionMask = 2147483647;
			files = (
				6CA1551A6B3267D7207ED3D9 /* FirebaseAuth in Frameworks */,
				0E61B1ABD658DCB0C6D3212F /* FirebaseFirestore in Frameworks */,
				53090F6F3B88DF29978FB3C3 /* GoogleSignIn in Frameworks */,
				B9798564E916545FC596301B /* GoogleSignInSwift in Frameworks */,
			);
			runOnlyForDeploymentPostprocessing = 0;
		};
/* End PBXFrameworksBuildPhase section */

/* Begin PBXGroup section */
		03F258BDD13D22A03D58D585 /* Gastos */ = {
			isa = PBXGroup;
			children = (
				5F22A39BEFCC1E409B23F892 /* App */,
				C8AC48657AEEBEA94CA09BC8 /* Core */,
				863CF82C6B66C09A8ABB24C8 /* Design */,
				B9268F6C798D27994B71C43D /* Features */,
				F949E456748300C2A83AE9F1 /* Resources */,
				FE821FE750747807FD20989E /* Services */,
				2818DB6ADEF5F20A81A5F111 /* Gastos.entitlements */,
				88697FE91DBCB7A2DF861AA3 /* Info.plist */,
			);
			path = Gastos;
			sourceTree = "<group>";
		};
		23E50A23A4062022DD225553 /* Summary */ = {
			isa = PBXGroup;
			children = (
				76BD8EE1A3CD15AE790130E5 /* NewPeriodScreen.swift */,
				651AB99544B0D1A42041AE16 /* SummaryView.swift */,
			);
			path = Summary;
			sourceTree = "<group>";
		};
		3E53E8662EA98E417D2C3412 /* Fonts */ = {
			isa = PBXGroup;
			children = (
				82AA9BE64B0ED51CC48EFEBE /* Outfit-Variable.ttf */,
			);
			path = Fonts;
			sourceTree = "<group>";
		};
		42BC90D447B92807F20A3808 = {
			isa = PBXGroup;
			children = (
				03F258BDD13D22A03D58D585 /* Gastos */,
				991914D955B62C9977E5B320 /* gastos */,
				8A245770656600DF1B57BA34 /* GastosTests */,
				C76BBAC85C831B01C8DBBA3E /* GastosWatch */,
				9FB68AA63AFC6C404C51E94C /* GastosWidget */,
				6C8270A2EAAF73555D4CD8F5 /* Products */,
			);
			sourceTree = "<group>";
		};
		59F3A9A50ECB06C22224A54B /* Recurring */ = {
			isa = PBXGroup;
			children = (
				3185D8D0B36CD3028B6C8CBE /* CreateFromChargeSheet.swift */,
				53931650482F664B2A869C76 /* RecurringPromptSheet.swift */,
				B54F5FBB8326951E806D6B65 /* RecurringRuleSheet.swift */,
				8F785322FFCA80A43799A194 /* ServiceNotePicker.swift */,
			);
			path = Recurring;
			sourceTree = "<group>";
		};
		5F22A39BEFCC1E409B23F892 /* App */ = {
			isa = PBXGroup;
			children = (
				01CB733D4BFFA92DAF919CF9 /* AppModel.swift */,
				0A08A562899EA9A00F9120A7 /* AppModel+BankCharges.swift */,
				B052A6D84051AEBFD695D248 /* AppModel+Derived.swift */,
				FE730A72F4AA0D8F074B730C /* AppModel+Periods.swift */,
				B502D07A5EEBE31204742E4B /* AppModel+Recurring.swift */,
				2455C66D49C163A08191D086 /* GastosApp.swift */,
				8FEDE9F8A530ADDCFB8FA1C5 /* QuickEntryIntent.swift */,
				A3735D65DE5E5F8A566E14E5 /* RootView.swift */,
			);
			path = App;
			sourceTree = "<group>";
		};
		6C8270A2EAAF73555D4CD8F5 /* Products */ = {
			isa = PBXGroup;
			children = (
				326DE0250998DB6FD336ADB1 /* Gastos.app */,
				4971A2A2D262FEEC93A402EB /* GastosTests.xctest */,
				DD7AB887D8188CBE39627CB9 /* GastosWatch.app */,
				5286F43846B5610F65AC6162 /* GastosWidget.appex */,
			);
			name = Products;
			sourceTree = "<group>";
		};
		7253B1A520EEDB7A84B3DC31 /* Cards */ = {
			isa = PBXGroup;
			children = (
				5A8D40315BC72C492DC7F612 /* CardsView.swift */,
			);
			path = Cards;
			sourceTree = "<group>";
		};
		8490991EE53C0B73759598D5 /* Onboarding */ = {
			isa = PBXGroup;
			children = (
				816764347B74B6B002EF8A25 /* OnboardingView.swift */,
			);
			path = Onboarding;
			sourceTree = "<group>";
		};
		863CF82C6B66C09A8ABB24C8 /* Design */ = {
			isa = PBXGroup;
			children = (
				2F1934B38A615BECC1D5E398 /* BudgetAmountEditor.swift */,
				CD817EFBEB4088ABF190588B /* Components.swift */,
				4DCBB00769A8B0E6C9C14C7B /* RichText.swift */,
				7E9DDEF9ED1920FC461324CC /* Theme.swift */,
			);
			path = Design;
			sourceTree = "<group>";
		};
		8A245770656600DF1B57BA34 /* GastosTests */ = {
			isa = PBXGroup;
			children = (
				1C8C08C8A0755F3F5424BA39 /* AppFontTests.swift */,
				100EBDA8F0CF3F8E0FE41E98 /* BankChargeInboxTests.swift */,
				D94A7D2E3A42FEF62ECC8E8A /* BankMatchTests.swift */,
				C0C014102B7593E463B1877C /* BudgetEntryAmountTests.swift */,
				E8A35F7729A25C4D60FCE2F8 /* CardTaxesTests.swift */,
				6149E0BE1456D048D490F366 /* CountLabelTests.swift */,
				DA5FE12DED78A2224848A67D /* ExpenseVerificationTests.swift */,
				C345B9D45487CD25B1E84632 /* FontLoadingTests.swift */,
				F0756724E83AD6DEFC752D33 /* FontScalingPathTests.swift */,
				AA8649A56B638FCED8CE0B1F /* LimitsTests.swift */,
				B7EC5992D1786FDB955842A7 /* ModelDecodingTests.swift */,
				601A81E5C53F86FD1428EF30 /* PeriodGateTests.swift */,
				DB4FCA6646C9D9BB19D95B20 /* PeriodLogicTests.swift */,
				BA19DA21A068D1858A9CFA06 /* PeriodSourceTests.swift */,
				9FF743F833087A8F15FFF83F /* RecurringRulesTests.swift */,
				9DCEDE210E0ADD9F50756914 /* RecurringRunTests.swift */,
				890A88734AEF52E42002B803 /* RichTextTests.swift */,
				8043182EF7DF168D7084E96E /* ServiceLogicTests.swift */,
				08F5C7217DFB5D8D3FBF2A0F /* ServiceNameVectorsTests.swift */,
				6E21225B8D0199186BA4D194 /* SigningExpiryTests.swift */,
				B6BADDD6BD96E0AC52AA90BD /* SuggestionsTests.swift */,
				1E65928D5D49A9294DEEF332 /* TestFonts.swift */,
			);
			path = GastosTests;
			sourceTree = "<group>";
		};
		991914D955B62C9977E5B320 /* gastos */ = {
			isa = PBXGroup;
			children = (
				F2255F3D3F334972C47E3148 /* shared */,
			);
			name = gastos;
			path = ../..;
			sourceTree = "<group>";
		};
		9D452B0F953AC1BEE0402E3F /* Services */ = {
			isa = PBXGroup;
			children = (
				617A938BD68BDD5570598230 /* ServicesView.swift */,
			);
			path = Services;
			sourceTree = "<group>";
		};
		9D6AB02B62EB9C5E18276D71 /* Entry */ = {
			isa = PBXGroup;
			children = (
				CD7C71A5F1048ED2C6C10DC1 /* ExpenseFormView.swift */,
				D79B6689EAB6FFB913F05D50 /* NewExpenseButton.swift */,
			);
			path = Entry;
			sourceTree = "<group>";
		};
		9FB68AA63AFC6C404C51E94C /* GastosWidget */ = {
			isa = PBXGroup;
			children = (
				C279ABE8D939C232994D4A78 /* BudgetSnapshot.swift */,
				5D3927D960B921308F0339E5 /* BudgetWidget.swift */,
				DEA5AAE1082912D3BCC3D1B8 /* GastosWidget.entitlements */,
				7BD80F7CE174DAFC9EE37BC7 /* GastosWidgetBundle.swift */,
				3F06395060DEFBF7F0F052DB /* Info.plist */,
				D15701C61114BACDF847A50C /* Localizable.xcstrings */,
				41B16DC6515AA26D9A69421B /* PiggyMark.swift */,
				7A020E2EBE364106F3D0D993 /* WidgetTheme.swift */,
			);
			path = GastosWidget;
			sourceTree = "<group>";
		};
		B9268F6C798D27994B71C43D /* Features */ = {
			isa = PBXGroup;
			children = (
				7253B1A520EEDB7A84B3DC31 /* Cards */,
				9D6AB02B62EB9C5E18276D71 /* Entry */,
				BDC18B9421CF7353BCDE3A2B /* History */,
				8490991EE53C0B73759598D5 /* Onboarding */,
				59F3A9A50ECB06C22224A54B /* Recurring */,
				9D452B0F953AC1BEE0402E3F /* Services */,
				DBC2F5C1779BA6F0FA96F090 /* Settings */,
				23E50A23A4062022DD225553 /* Summary */,
			);
			path = Features;
			sourceTree = "<group>";
		};
		BDC18B9421CF7353BCDE3A2B /* History */ = {
			isa = PBXGroup;
			children = (
				868AE72F589D8CFE1362F1E2 /* BankCharges.swift */,
				68E187C5D17DA1271983CA93 /* ExpenseDetailSheet.swift */,
				067C280D5CF24508EBF0B210 /* HistoryView.swift */,
				B7EB984FFC789B226CD9BCAE /* VerifyExpenseSheet.swift */,
			);
			path = History;
			sourceTree = "<group>";
		};
		C76BBAC85C831B01C8DBBA3E /* GastosWatch */ = {
			isa = PBXGroup;
			children = (
				C35B975BAE3FF62A1F8C5C5B /* Assets.xcassets */,
				A7FEE4AD40A266ADA23A1B99 /* GastosWatchApp.swift */,
				F48919FA9322AB500AE8BC68 /* Info.plist */,
				9DB8A352BB1E1E129697174D /* Localizable.xcstrings */,
				B851FD043A5C0E4296596D5B /* WatchConnectivityModel.swift */,
				E9DF8AB78E48D25CD17E3699 /* WatchEntryView.swift */,
				FA6AD3615C464D47F7851C01 /* WatchSupport.swift */,
			);
			path = GastosWatch;
			sourceTree = "<group>";
		};
		C8AC48657AEEBEA94CA09BC8 /* Core */ = {
			isa = PBXGroup;
			children = (
				FDFDA56A24A7ED5CEC473556 /* AmountInput.swift */,
				74BB0B7A4BC0448318EDD7F4 /* BankChargeInbox.swift */,
				A6C56B3C224BAFCF9A07789A /* BankMatch.swift */,
				315F74278422350FB9D3B8F5 /* CardLogic.swift */,
				8C60ADD48A6501D6D9659577 /* L10n.swift */,
				BB48A44A14A7CEAB4B8167C5 /* Limits.swift */,
				4E57212F3BC92DF066F97A5D /* Models.swift */,
				1648731F9FE441F1D1213CE1 /* MoneyFormatter.swift */,
				1794B1E43D9A741F78FA369D /* PeriodGate.swift */,
				33010FD0D4F32F60CF103E5B /* PeriodLogic.swift */,
				378F62DF3E02BBAC41FDD81B /* PeriodSource.swift */,
				8654B3054370D4BD6E8D1BCF /* RecurringRules.swift */,
				0CB1E0209EBF466D3AEEC77A /* ServiceLogic.swift */,
				A7391D78A935825853AF82E8 /* Suggestions.swift */,
				DA50F487EE5CB5CB28419723 /* UsdArsRate.swift */,
			);
			path = Core;
			sourceTree = "<group>";
		};
		DBC2F5C1779BA6F0FA96F090 /* Settings */ = {
			isa = PBXGroup;
			children = (
				3B1186604B7C10DBF0F7B337 /* CategoriesManagerView.swift */,
				01D4600AE62B3542F20C1794 /* ExtendPeriodSheet.swift */,
				0963262547EEBAC0E33FC206 /* SettingsView.swift */,
			);
			path = Settings;
			sourceTree = "<group>";
		};
		F2255F3D3F334972C47E3148 /* shared */ = {
			isa = PBXGroup;
			children = (
				4B0E6306FDAAF1E4A42E3EFB /* bank-match-vectors.json */,
				3D90613288B486DE309FFB3D /* categories.json */,
				C72033E74D4C64FA8D3A9CDF /* period-test-vectors.json */,
				153CB5414EDED4D3AA02CAED /* recurring-vectors.json */,
				85508AFE6645D7929BD59991 /* service-name-vectors.json */,
			);
			path = shared;
			sourceTree = "<group>";
		};
		F949E456748300C2A83AE9F1 /* Resources */ = {
			isa = PBXGroup;
			children = (
				3E53E8662EA98E417D2C3412 /* Fonts */,
				FBB29AD844640CDBD8A2F72C /* Assets.xcassets */,
				9FDB8AC9B42DEF1653002135 /* GoogleService-Info.plist */,
				DCB0E7E3A151F080F5FB5164 /* Localizable.xcstrings */,
			);
			path = Resources;
			sourceTree = "<group>";
		};
		FE821FE750747807FD20989E /* Services */ = {
			isa = PBXGroup;
			children = (
				6E587EB83789FCE993DF108A /* AuthService.swift */,
				CB1A5ECB05DBEE86FA7547C1 /* FirestoreService.swift */,
				9D321AA370E8BB907F772691 /* ReminderService.swift */,
				72F48EB2F9D4CAA9FE6E32A0 /* SigningExpiryService.swift */,
				3FE4481C1E27B95BC2F45054 /* WatchSyncService.swift */,
				F467DEFAA7E6B9516B432350 /* WidgetBridge.swift */,
			);
			path = Services;
			sourceTree = "<group>";
		};
/* End PBXGroup section */

/* Begin PBXNativeTarget section */
		AC9C3AF421CBB34DA24F52A2 /* GastosTests */ = {
			isa = PBXNativeTarget;
			buildConfigurationList = 53CBE93C8FFF6DDCFBDD3B65 /* Build configuration list for PBXNativeTarget "GastosTests" */;
			buildPhases = (
				09D3772129C215A5404B3298 /* Sources */,
				6C035297F880611FB06F1D4E /* Resources */,
				158A643E35F115BC1BCCA795 /* Frameworks */,
			);
			buildRules = (
			);
			dependencies = (
			);
			name = GastosTests;
			packageProductDependencies = (
				9D60869E022C41FE521B3BBB /* FirebaseFirestore */,
			);
			productName = GastosTests;
			productReference = 4971A2A2D262FEEC93A402EB /* GastosTests.xctest */;
			productType = "com.apple.product-type.bundle.unit-test";
		};
		B41C2E4BA53E44F59150466E /* GastosWatch */ = {
			isa = PBXNativeTarget;
			buildConfigurationList = 30052E2E99F21A6AC0FE15B8 /* Build configuration list for PBXNativeTarget "GastosWatch" */;
			buildPhases = (
				8EA69FD526A2710B9C1BC815 /* Sources */,
				87D7F3CB8D209D89CD9B5D69 /* Resources */,
			);
			buildRules = (
			);
			dependencies = (
			);
			name = GastosWatch;
			packageProductDependencies = (
			);
			productName = GastosWatch;
			productReference = DD7AB887D8188CBE39627CB9 /* GastosWatch.app */;
			productType = "com.apple.product-type.application";
		};
		D25D32047EB65E17D3009C4B /* GastosWidget */ = {
			isa = PBXNativeTarget;
			buildConfigurationList = 72E9E83A3E2461AB84BCF78B /* Build configuration list for PBXNativeTarget "GastosWidget" */;
			buildPhases = (
				08DD4C63AB1427CAC9AD1CD8 /* Sources */,
				21AC0F9FBC8AA279B3586062 /* Resources */,
			);
			buildRules = (
			);
			dependencies = (
			);
			name = GastosWidget;
			packageProductDependencies = (
			);
			productName = GastosWidget;
			productReference = 5286F43846B5610F65AC6162 /* GastosWidget.appex */;
			productType = "com.apple.product-type.app-extension";
		};
		D9D49D56DF3BD063E5674E1A /* Gastos */ = {
			isa = PBXNativeTarget;
			buildConfigurationList = 4DE96A6FE8D8A1324FD1BACC /* Build configuration list for PBXNativeTarget "Gastos" */;
			buildPhases = (
				AE5090EFB00F2B9B2A596B8A /* Sources */,
				942A84E0D720A31458E7B19D /* Resources */,
				86749706B0492F8CA61C0335 /* Frameworks */,
				1348BC2A371CC38A8759A725 /* Embed Foundation Extensions */,
				7598EC7F215FDCBA013D4683 /* Embed Watch Content */,
			);
			buildRules = (
			);
			dependencies = (
				A7F7966E8C5D8AE861EB7B0D /* PBXTargetDependency */,
				ACE41DA54066C67AB7AA2081 /* PBXTargetDependency */,
			);
			name = Gastos;
			packageProductDependencies = (
				1DADFAE9D104A64E62CA0628 /* FirebaseAuth */,
				1CDAE48B8076123DD8B1FB18 /* FirebaseFirestore */,
				DF6155B3FADEBC0E995FFDAB /* GoogleSignIn */,
				938A0A8D757CDEFC35CF85FD /* GoogleSignInSwift */,
			);
			productName = Gastos;
			productReference = 326DE0250998DB6FD336ADB1 /* Gastos.app */;
			productType = "com.apple.product-type.application";
		};
/* End PBXNativeTarget section */

/* Begin PBXProject section */
		80F1F6F254FA52C3DFDD4C73 /* Project object */ = {
			isa = PBXProject;
			attributes = {
				BuildIndependentTargetsInParallel = YES;
				LastUpgradeCheck = 1430;
				TargetAttributes = {
					AC9C3AF421CBB34DA24F52A2 = {
						DevelopmentTeam = FA737M2U79;
						ProvisioningStyle = Automatic;
					};
					B41C2E4BA53E44F59150466E = {
						DevelopmentTeam = FA737M2U79;
						ProvisioningStyle = Automatic;
					};
					D25D32047EB65E17D3009C4B = {
						DevelopmentTeam = FA737M2U79;
						ProvisioningStyle = Automatic;
					};
					D9D49D56DF3BD063E5674E1A = {
						DevelopmentTeam = FA737M2U79;
						ProvisioningStyle = Automatic;
					};
				};
			};
			buildConfigurationList = 959CA0B48B95D53F53C72E2E /* Build configuration list for PBXProject "Gastos" */;
			developmentRegion = es;
			hasScannedForEncodings = 0;
			knownRegions = (
				Base,
				en,
				es,
			);
			mainGroup = 42BC90D447B92807F20A3808;
			minimizedProjectReferenceProxies = 1;
			packageReferences = (
				1E58DB7DFFE0664CF626423B /* XCRemoteSwiftPackageReference "firebase-ios-sdk" */,
				3A272F0AD6CF14BFDFF58A80 /* XCRemoteSwiftPackageReference "GoogleSignIn-iOS" */,
			);
			preferredProjectObjectVersion = 77;
			productRefGroup = 6C8270A2EAAF73555D4CD8F5 /* Products */;
			projectDirPath = "";
			projectRoot = "";
			targets = (
				D9D49D56DF3BD063E5674E1A /* Gastos */,
				D25D32047EB65E17D3009C4B /* GastosWidget */,
				B41C2E4BA53E44F59150466E /* GastosWatch */,
				AC9C3AF421CBB34DA24F52A2 /* GastosTests */,
			);
		};
/* End PBXProject section */

/* Begin PBXResourcesBuildPhase section */
		21AC0F9FBC8AA279B3586062 /* Resources */ = {
			isa = PBXResourcesBuildPhase;
			buildActionMask = 2147483647;
			files = (
				F8B6DBB9BA7AD6EEC0C6543D /* Localizable.xcstrings in Resources */,
			);
			runOnlyForDeploymentPostprocessing = 0;
		};
		6C035297F880611FB06F1D4E /* Resources */ = {
			isa = PBXResourcesBuildPhase;
			buildActionMask = 2147483647;
			files = (
				75E2AC551C0C64DF1557688E /* Localizable.xcstrings in Resources */,
				D464B0F3DC9801FD306ED9BF /* Outfit-Variable.ttf in Resources */,
				2DE1DE12D6BF40DD00984A94 /* bank-match-vectors.json in Resources */,
				99A6637FBF3FC99E6A7A2479 /* categories.json in Resources */,
				53C5E2429E74903F201BB3C7 /* period-test-vectors.json in Resources */,
				DE1A7C2E02284B6A0914E9D0 /* recurring-vectors.json in Resources */,
				A25CCCDCE1331AD83E4AB6F8 /* service-name-vectors.json in Resources */,
			);
			runOnlyForDeploymentPostprocessing = 0;
		};
		87D7F3CB8D209D89CD9B5D69 /* Resources */ = {
			isa = PBXResourcesBuildPhase;
			buildActionMask = 2147483647;
			files = (
				C40D9F32D98A4159AAC5F36A /* Assets.xcassets in Resources */,
				75EBE046089788B568A04A51 /* Localizable.xcstrings in Resources */,
				E15BA17BEE14A62823E87874 /* categories.json in Resources */,
			);
			runOnlyForDeploymentPostprocessing = 0;
		};
		942A84E0D720A31458E7B19D /* Resources */ = {
			isa = PBXResourcesBuildPhase;
			buildActionMask = 2147483647;
			files = (
				EE0860D11928B5D6DFC5EE02 /* Assets.xcassets in Resources */,
				6D94CE730F3742DE498DC4AC /* GoogleService-Info.plist in Resources */,
				80A3C109218A10A989F3715B /* Localizable.xcstrings in Resources */,
				A26E522293A59DCF406CE539 /* Outfit-Variable.ttf in Resources */,
				1E11D4E50D77E3C6C675E502 /* categories.json in Resources */,
			);
			runOnlyForDeploymentPostprocessing = 0;
		};
/* End PBXResourcesBuildPhase section */

/* Begin PBXSourcesBuildPhase section */
		08DD4C63AB1427CAC9AD1CD8 /* Sources */ = {
			isa = PBXSourcesBuildPhase;
			buildActionMask = 2147483647;
			files = (
				786F5B1B507A647E8A3654BE /* BudgetSnapshot.swift in Sources */,
				1347DD2C7902D68B78C2A765 /* BudgetWidget.swift in Sources */,
				7D1AAF704BF4D55A70318CB6 /* GastosWidgetBundle.swift in Sources */,
				DA3EB32DD71D76BB0D180F07 /* PiggyMark.swift in Sources */,
				E05C09F46DEA0AA043642715 /* QuickEntryIntent.swift in Sources */,
				40751E73CF6302E472E3D892 /* WidgetTheme.swift in Sources */,
			);
			runOnlyForDeploymentPostprocessing = 0;
		};
		09D3772129C215A5404B3298 /* Sources */ = {
			isa = PBXSourcesBuildPhase;
			buildActionMask = 2147483647;
			files = (
				82AA08A8AB7428185A6C6D74 /* AmountInput.swift in Sources */,
				9931C3B0C653B02F0148E994 /* AppFontTests.swift in Sources */,
				3E6F9D838B86CDCA79822003 /* BankChargeInbox.swift in Sources */,
				FE11495AB34CC08635326593 /* BankChargeInboxTests.swift in Sources */,
				255BB020E5661AD8377D4465 /* BankMatch.swift in Sources */,
				A696DEF93E414E411BA72787 /* BankMatchTests.swift in Sources */,
				59C9D7828AB360CD08F63705 /* BudgetEntryAmountTests.swift in Sources */,
				D17C520851495F18D9942B08 /* CardLogic.swift in Sources */,
				A1855EDBAC366037CD601811 /* CardTaxesTests.swift in Sources */,
				B9F41D325A7FEB9EF54F5A66 /* CountLabelTests.swift in Sources */,
				E9849EFE9B41C08E868E0B2A /* ExpenseVerificationTests.swift in Sources */,
				6F7E58DA7BCD71F86E3B1527 /* FontLoadingTests.swift in Sources */,
				DBF92DBA2ED8F4D03BD56082 /* FontScalingPathTests.swift in Sources */,
				DF66130CA4A9CBFC15E279A7 /* L10n.swift in Sources */,
				4E69B79E88B780D632924EC8 /* Limits.swift in Sources */,
				20C112FA5B73240CA98EBDC5 /* LimitsTests.swift in Sources */,
				BF9CAD3298E7CB5B03E1AC41 /* ModelDecodingTests.swift in Sources */,
				2A2E1FB569B2EA5F024AFAC0 /* Models.swift in Sources */,
				6B26CF85F3FF249737F375D6 /* MoneyFormatter.swift in Sources */,
				29D21C347F93D7CFAA6A6E8C /* PeriodGate.swift in Sources */,
				8C7EEBDB1C28B4539F79FA61 /* PeriodGateTests.swift in Sources */,
				620E9E198B310B8489B761C4 /* PeriodLogic.swift in Sources */,
				B0BD3A859D155D97BF2C2E01 /* PeriodLogicTests.swift in Sources */,
				F25F3EAEFBF172CB54826325 /* PeriodSource.swift in Sources */,
				574AA03DE657B924BDDD05FE /* PeriodSourceTests.swift in Sources */,
				CB805A0DE365F08D963B27F4 /* RecurringRules.swift in Sources */,
				57BB0825D7E2949E5C9C47E0 /* RecurringRulesTests.swift in Sources */,
				25FD552736CBF6CEC2CA859D /* RecurringRunTests.swift in Sources */,
				CABCDE7AC6FBE5B196153B33 /* RichText.swift in Sources */,
				A786E2B4EA2124453BB668EC /* RichTextTests.swift in Sources */,
				993C79A798814EDFC5506F46 /* ServiceLogic.swift in Sources */,
				BA6104FEE86502169BAECA7D /* ServiceLogicTests.swift in Sources */,
				9CB1FD757657B5B123CDBC61 /* ServiceNameVectorsTests.swift in Sources */,
				4BCB42C742AA0AEF0249879D /* SigningExpiryService.swift in Sources */,
				360A4A33883A51281C53AB3E /* SigningExpiryTests.swift in Sources */,
				579E9B6AACDA3892F25CA4D1 /* Suggestions.swift in Sources */,
				D33F7D554C4C5FD2399FF6AA /* SuggestionsTests.swift in Sources */,
				79861EB2C2339C119443E9DB /* TestFonts.swift in Sources */,
				08FCA24204BD661A13812566 /* Theme.swift in Sources */,
				BA27BD0F25B35E9D7B97D9AB /* UsdArsRate.swift in Sources */,
			);
			runOnlyForDeploymentPostprocessing = 0;
		};
		8EA69FD526A2710B9C1BC815 /* Sources */ = {
			isa = PBXSourcesBuildPhase;
			buildActionMask = 2147483647;
			files = (
				B8B8678F8DD712F649924559 /* GastosWatchApp.swift in Sources */,
				695114A1FAA0BCE9396E711E /* WatchConnectivityModel.swift in Sources */,
				BB8A293F405068FE03D1D24D /* WatchEntryView.swift in Sources */,
				C238BB660BCF1C05CFEE5C03 /* WatchSupport.swift in Sources */,
			);
			runOnlyForDeploymentPostprocessing = 0;
		};
		AE5090EFB00F2B9B2A596B8A /* Sources */ = {
			isa = PBXSourcesBuildPhase;
			buildActionMask = 2147483647;
			files = (
				6587E8BD10B23844E480A3EE /* AmountInput.swift in Sources */,
				7EA97C6948F3179707160AE4 /* AppModel+BankCharges.swift in Sources */,
				D718858D71639FB5971BB040 /* AppModel+Derived.swift in Sources */,
				A7C406274742F83ED929D08A /* AppModel+Periods.swift in Sources */,
				76052EFDB664130C6E1AE31E /* AppModel+Recurring.swift in Sources */,
				A691750E725335D247FFD9DF /* AppModel.swift in Sources */,
				4D4AAC47A43A3EA75447AE54 /* AuthService.swift in Sources */,
				C76178D2612E9E9DAD64234A /* BankChargeInbox.swift in Sources */,
				975427C455495F48C9D2C1AF /* BankCharges.swift in Sources */,
				4BC732E2A3297070B688F1A8 /* BankMatch.swift in Sources */,
				0F3972CDCD8AC43B1E6910BD /* BudgetAmountEditor.swift in Sources */,
				97B2460951F9FCDDD42C322B /* CardLogic.swift in Sources */,
				C324854E23561BA729B6BF3A /* CardsView.swift in Sources */,
				FD84AB7E81CC025C1FEF85D3 /* CategoriesManagerView.swift in Sources */,
				98955B639EAC7AA2850D9E4F /* Components.swift in Sources */,
				A8C6F65D77989462924749CC /* CreateFromChargeSheet.swift in Sources */,
				7B9BFCF3D3ADA8201371718C /* ExpenseDetailSheet.swift in Sources */,
				D9EEDEBCF7C550EB083D9A77 /* ExpenseFormView.swift in Sources */,
				19DD24E4558B20EC4C9DCC2B /* ExtendPeriodSheet.swift in Sources */,
				DC8BD7C083E062E2413F394E /* FirestoreService.swift in Sources */,
				1AE976DD96ED02426D7C4DBF /* GastosApp.swift in Sources */,
				DFEEC44DB527057E39883E8F /* HistoryView.swift in Sources */,
				9E788961B4A6AF7EB55E67B1 /* L10n.swift in Sources */,
				998988C00C2EF7DFF3021301 /* Limits.swift in Sources */,
				627E223B062A10AFAA54DAB5 /* Models.swift in Sources */,
				84FB52B876A78622D060E238 /* MoneyFormatter.swift in Sources */,
				33995B0192977E89FBC7A87C /* NewExpenseButton.swift in Sources */,
				DE03267C6769998D930153C4 /* NewPeriodScreen.swift in Sources */,
				AB31DB5E6297D5AB58B90E92 /* OnboardingView.swift in Sources */,
				BA55EAB3A8209FB479CA9104 /* PeriodGate.swift in Sources */,
				960B216F2EC4C75524BFE355 /* PeriodLogic.swift in Sources */,
				72AD37083B76A25BD836FC09 /* PeriodSource.swift in Sources */,
				154F8083DBBB448148FD3B66 /* QuickEntryIntent.swift in Sources */,
				428BB77473B7E3909EC1729D /* RecurringPromptSheet.swift in Sources */,
				233E325AA13DE6A39ABD69E9 /* RecurringRuleSheet.swift in Sources */,
				6DA14E99E2D79C4632755E9A /* RecurringRules.swift in Sources */,
				C04366713899D7FEDDED3F31 /* ReminderService.swift in Sources */,
				D1CB45992765268A06B09499 /* RichText.swift in Sources */,
				1F0CA448B675342FD4A222FB /* RootView.swift in Sources */,
				BA7C85206BFA1C4737B5D6CD /* ServiceLogic.swift in Sources */,
				05133EDB5A9E8AA481E01189 /* ServiceNotePicker.swift in Sources */,
				3C5BB0D6AC02E727A7F323D9 /* ServicesView.swift in Sources */,
				3CC771E7F662936B06E4AB3C /* SettingsView.swift in Sources */,
				A63A3492DD9D441082FB7708 /* SigningExpiryService.swift in Sources */,
				D788D004B217A867FDB2AFCC /* Suggestions.swift in Sources */,
				1D4542D6CA092C4B18F3D93D /* SummaryView.swift in Sources */,
				EF6688BDED2B7DEDB93EDEAD /* Theme.swift in Sources */,
				921160581B3C919EED509A2F /* UsdArsRate.swift in Sources */,
				D09CA52C647A7C78F91FD03A /* VerifyExpenseSheet.swift in Sources */,
				07B717A9D9DABA180AD11271 /* WatchSyncService.swift in Sources */,
				C772132D6CCE6D7BAFF63B83 /* WidgetBridge.swift in Sources */,
			);
			runOnlyForDeploymentPostprocessing = 0;
		};
/* End PBXSourcesBuildPhase section */

/* Begin PBXTargetDependency section */
		A7F7966E8C5D8AE861EB7B0D /* PBXTargetDependency */ = {
			isa = PBXTargetDependency;
			target = D25D32047EB65E17D3009C4B /* GastosWidget */;
			targetProxy = 5845F03AD24302F08718E549 /* PBXContainerItemProxy */;
		};
		ACE41DA54066C67AB7AA2081 /* PBXTargetDependency */ = {
			isa = PBXTargetDependency;
			target = B41C2E4BA53E44F59150466E /* GastosWatch */;
			targetProxy = AFBBE84B72C2DFD67314AD10 /* PBXContainerItemProxy */;
		};
/* End PBXTargetDependency section */

/* Begin XCBuildConfiguration section */
		0109B1E16BB0540A01B22203 /* Release */ = {
			isa = XCBuildConfiguration;
			buildSettings = {
				ASSETCATALOG_COMPILER_APPICON_NAME = AppIcon;
				CODE_SIGN_ENTITLEMENTS = Gastos/Gastos.entitlements;
				CODE_SIGN_IDENTITY = "iPhone Developer";
				CURRENT_PROJECT_VERSION = 1;
				GD_INGEST_URL = "https://script.google.com/macros/s/AKfycbxq9Vn_eMC_fLdLV4itZFL0ABHr0BdMZCzZeOyA68vECKBawpVIHcikn48tdpHan4h9mw/exec";
				INFOPLIST_FILE = Gastos/Info.plist;
				LD_RUNPATH_SEARCH_PATHS = (
					"$(inherited)",
					"@executable_path/Frameworks",
				);
				MARKETING_VERSION = 1.2.1;
				OTHER_LDFLAGS = "-ObjC";
				PRODUCT_BUNDLE_IDENTIFIER = dev.cardozo.gastos;
				PRODUCT_NAME = Gastos;
				SDKROOT = iphoneos;
				TARGETED_DEVICE_FAMILY = 1;
			};
			name = Release;
		};
		0132E693E16F3B41FB73DE8C /* Release */ = {
			isa = XCBuildConfiguration;
			buildSettings = {
				ALWAYS_SEARCH_USER_PATHS = NO;
				CLANG_ANALYZER_NONNULL = YES;
				CLANG_ANALYZER_NUMBER_OBJECT_CONVERSION = YES_AGGRESSIVE;
				CLANG_CXX_LANGUAGE_STANDARD = "gnu++14";
				CLANG_CXX_LIBRARY = "libc++";
				CLANG_ENABLE_MODULES = YES;
				CLANG_ENABLE_OBJC_ARC = YES;
				CLANG_ENABLE_OBJC_WEAK = YES;
				CLANG_WARN_BLOCK_CAPTURE_AUTORELEASING = YES;
				CLANG_WARN_BOOL_CONVERSION = YES;
				CLANG_WARN_COMMA = YES;
				CLANG_WARN_CONSTANT_CONVERSION = YES;
				CLANG_WARN_DEPRECATED_OBJC_IMPLEMENTATIONS = YES;
				CLANG_WARN_DIRECT_OBJC_ISA_USAGE = YES_ERROR;
				CLANG_WARN_DOCUMENTATION_COMMENTS = YES;
				CLANG_WARN_EMPTY_BODY = YES;
				CLANG_WARN_ENUM_CONVERSION = YES;
				CLANG_WARN_INFINITE_RECURSION = YES;
				CLANG_WARN_INT_CONVERSION = YES;
				CLANG_WARN_NON_LITERAL_NULL_CONVERSION = YES;
				CLANG_WARN_OBJC_IMPLICIT_RETAIN_SELF = YES;
				CLANG_WARN_OBJC_LITERAL_CONVERSION = YES;
				CLANG_WARN_OBJC_ROOT_CLASS = YES_ERROR;
				CLANG_WARN_QUOTED_INCLUDE_IN_FRAMEWORK_HEADER = YES;
				CLANG_WARN_RANGE_LOOP_ANALYSIS = YES;
				CLANG_WARN_STRICT_PROTOTYPES = YES;
				CLANG_WARN_SUSPICIOUS_MOVE = YES;
				CLANG_WARN_UNGUARDED_AVAILABILITY = YES_AGGRESSIVE;
				CLANG_WARN_UNREACHABLE_CODE = YES;
				CLANG_WARN__DUPLICATE_METHOD_MATCH = YES;
				CODE_SIGN_STYLE = Automatic;
				COPY_PHASE_STRIP = NO;
				DEBUG_INFORMATION_FORMAT = "dwarf-with-dsym";
				DEVELOPMENT_TEAM = FA737M2U79;
				ENABLE_NS_ASSERTIONS = NO;
				ENABLE_STRICT_OBJC_MSGSEND = YES;
				ENABLE_USER_SCRIPT_SANDBOXING = NO;
				GCC_C_LANGUAGE_STANDARD = gnu11;
				GCC_NO_COMMON_BLOCKS = YES;
				GCC_WARN_64_TO_32_BIT_CONVERSION = YES;
				GCC_WARN_ABOUT_RETURN_TYPE = YES_ERROR;
				GCC_WARN_UNDECLARED_SELECTOR = YES;
				GCC_WARN_UNINITIALIZED_AUTOS = YES_AGGRESSIVE;
				GCC_WARN_UNUSED_FUNCTION = YES;
				GCC_WARN_UNUSED_VARIABLE = YES;
				IPHONEOS_DEPLOYMENT_TARGET = 26.0;
				MTL_ENABLE_DEBUG_INFO = NO;
				MTL_FAST_MATH = YES;
				PRODUCT_NAME = "$(TARGET_NAME)";
				SWIFT_COMPILATION_MODE = wholemodule;
				SWIFT_OPTIMIZATION_LEVEL = "-O";
				SWIFT_STRICT_CONCURRENCY = complete;
				SWIFT_VERSION = 5.10;
			};
			name = Release;
		};
		0F7A548E662824E36ADD7A84 /* Debug */ = {
			isa = XCBuildConfiguration;
			buildSettings = {
				ASSETCATALOG_COMPILER_APPICON_NAME = AppIcon;
				CURRENT_PROJECT_VERSION = 1;
				GENERATE_INFOPLIST_FILE = NO;
				INFOPLIST_FILE = GastosWatch/Info.plist;
				MARKETING_VERSION = 1.2.1;
				PRODUCT_BUNDLE_IDENTIFIER = dev.cardozo.gastos.watchkitapp;
				PRODUCT_NAME = GastosWatch;
				SDKROOT = watchos;
				SKIP_INSTALL = YES;
				TARGETED_DEVICE_FAMILY = 4;
				WATCHOS_DEPLOYMENT_TARGET = 10.0;
			};
			name = Debug;
		};
		1601ABB183A712ADB8E5B0C9 /* Release */ = {
			isa = XCBuildConfiguration;
			buildSettings = {
				CODE_SIGN_ENTITLEMENTS = GastosWidget/GastosWidget.entitlements;
				CURRENT_PROJECT_VERSION = 1;
				INFOPLIST_FILE = GastosWidget/Info.plist;
				LD_RUNPATH_SEARCH_PATHS = (
					"$(inherited)",
					"@executable_path/Frameworks",
					"@executable_path/../../Frameworks",
				);
				MARKETING_VERSION = 1.2.1;
				PRODUCT_BUNDLE_IDENTIFIER = dev.cardozo.gastos.widget;
				PRODUCT_NAME = GastosWidget;
				SDKROOT = iphoneos;
				SKIP_INSTALL = YES;
				SWIFT_ACTIVE_COMPILATION_CONDITIONS = "$(inherited) WIDGET_EXTENSION";
				TARGETED_DEVICE_FAMILY = 1;
			};
			name = Release;
		};
		1F0A1CE9792102F0B0D17F17 /* Debug */ = {
			isa = XCBuildConfiguration;
			buildSettings = {
				ALWAYS_SEARCH_USER_PATHS = NO;
				CLANG_ANALYZER_NONNULL = YES;
				CLANG_ANALYZER_NUMBER_OBJECT_CONVERSION = YES_AGGRESSIVE;
				CLANG_CXX_LANGUAGE_STANDARD = "gnu++14";
				CLANG_CXX_LIBRARY = "libc++";
				CLANG_ENABLE_MODULES = YES;
				CLANG_ENABLE_OBJC_ARC = YES;
				CLANG_ENABLE_OBJC_WEAK = YES;
				CLANG_WARN_BLOCK_CAPTURE_AUTORELEASING = YES;
				CLANG_WARN_BOOL_CONVERSION = YES;
				CLANG_WARN_COMMA = YES;
				CLANG_WARN_CONSTANT_CONVERSION = YES;
				CLANG_WARN_DEPRECATED_OBJC_IMPLEMENTATIONS = YES;
				CLANG_WARN_DIRECT_OBJC_ISA_USAGE = YES_ERROR;
				CLANG_WARN_DOCUMENTATION_COMMENTS = YES;
				CLANG_WARN_EMPTY_BODY = YES;
				CLANG_WARN_ENUM_CONVERSION = YES;
				CLANG_WARN_INFINITE_RECURSION = YES;
				CLANG_WARN_INT_CONVERSION = YES;
				CLANG_WARN_NON_LITERAL_NULL_CONVERSION = YES;
				CLANG_WARN_OBJC_IMPLICIT_RETAIN_SELF = YES;
				CLANG_WARN_OBJC_LITERAL_CONVERSION = YES;
				CLANG_WARN_OBJC_ROOT_CLASS = YES_ERROR;
				CLANG_WARN_QUOTED_INCLUDE_IN_FRAMEWORK_HEADER = YES;
				CLANG_WARN_RANGE_LOOP_ANALYSIS = YES;
				CLANG_WARN_STRICT_PROTOTYPES = YES;
				CLANG_WARN_SUSPICIOUS_MOVE = YES;
				CLANG_WARN_UNGUARDED_AVAILABILITY = YES_AGGRESSIVE;
				CLANG_WARN_UNREACHABLE_CODE = YES;
				CLANG_WARN__DUPLICATE_METHOD_MATCH = YES;
				CODE_SIGN_STYLE = Automatic;
				COPY_PHASE_STRIP = NO;
				DEBUG_INFORMATION_FORMAT = dwarf;
				DEVELOPMENT_TEAM = FA737M2U79;
				ENABLE_STRICT_OBJC_MSGSEND = YES;
				ENABLE_TESTABILITY = YES;
				ENABLE_USER_SCRIPT_SANDBOXING = NO;
				GCC_C_LANGUAGE_STANDARD = gnu11;
				GCC_DYNAMIC_NO_PIC = NO;
				GCC_NO_COMMON_BLOCKS = YES;
				GCC_OPTIMIZATION_LEVEL = 0;
				GCC_PREPROCESSOR_DEFINITIONS = (
					"$(inherited)",
					"DEBUG=1",
				);
				GCC_WARN_64_TO_32_BIT_CONVERSION = YES;
				GCC_WARN_ABOUT_RETURN_TYPE = YES_ERROR;
				GCC_WARN_UNDECLARED_SELECTOR = YES;
				GCC_WARN_UNINITIALIZED_AUTOS = YES_AGGRESSIVE;
				GCC_WARN_UNUSED_FUNCTION = YES;
				GCC_WARN_UNUSED_VARIABLE = YES;
				IPHONEOS_DEPLOYMENT_TARGET = 26.0;
				MTL_ENABLE_DEBUG_INFO = INCLUDE_SOURCE;
				MTL_FAST_MATH = YES;
				ONLY_ACTIVE_ARCH = YES;
				PRODUCT_NAME = "$(TARGET_NAME)";
				SWIFT_ACTIVE_COMPILATION_CONDITIONS = DEBUG;
				SWIFT_OPTIMIZATION_LEVEL = "-Onone";
				SWIFT_STRICT_CONCURRENCY = complete;
				SWIFT_VERSION = 5.10;
			};
			name = Debug;
		};
		282B23260D75EA1AF293EC63 /* Release */ = {
			isa = XCBuildConfiguration;
			buildSettings = {
				BUNDLE_LOADER = "$(TEST_HOST)";
				GENERATE_INFOPLIST_FILE = YES;
				LD_RUNPATH_SEARCH_PATHS = (
					"$(inherited)",
					"@executable_path/Frameworks",
					"@loader_path/Frameworks",
				);
				PRODUCT_BUNDLE_IDENTIFIER = dev.cardozo.gastos.tests;
				SDKROOT = iphoneos;
				TARGETED_DEVICE_FAMILY = "1,2";
			};
			name = Release;
		};
		2B4292995B020F940B14959D /* Debug */ = {
			isa = XCBuildConfiguration;
			buildSettings = {
				BUNDLE_LOADER = "$(TEST_HOST)";
				GENERATE_INFOPLIST_FILE = YES;
				LD_RUNPATH_SEARCH_PATHS = (
					"$(inherited)",
					"@executable_path/Frameworks",
					"@loader_path/Frameworks",
				);
				PRODUCT_BUNDLE_IDENTIFIER = dev.cardozo.gastos.tests;
				SDKROOT = iphoneos;
				TARGETED_DEVICE_FAMILY = "1,2";
			};
			name = Debug;
		};
		8057131B98493D1455DA9748 /* Debug */ = {
			isa = XCBuildConfiguration;
			buildSettings = {
				CODE_SIGN_ENTITLEMENTS = GastosWidget/GastosWidget.entitlements;
				CURRENT_PROJECT_VERSION = 1;
				INFOPLIST_FILE = GastosWidget/Info.plist;
				LD_RUNPATH_SEARCH_PATHS = (
					"$(inherited)",
					"@executable_path/Frameworks",
					"@executable_path/../../Frameworks",
				);
				MARKETING_VERSION = 1.2.1;
				PRODUCT_BUNDLE_IDENTIFIER = dev.cardozo.gastos.widget;
				PRODUCT_NAME = GastosWidget;
				SDKROOT = iphoneos;
				SKIP_INSTALL = YES;
				SWIFT_ACTIVE_COMPILATION_CONDITIONS = "$(inherited) WIDGET_EXTENSION";
				TARGETED_DEVICE_FAMILY = 1;
			};
			name = Debug;
		};
		AB1F027CAB1463BFE15D3557 /* Release */ = {
			isa = XCBuildConfiguration;
			buildSettings = {
				ASSETCATALOG_COMPILER_APPICON_NAME = AppIcon;
				CURRENT_PROJECT_VERSION = 1;
				GENERATE_INFOPLIST_FILE = NO;
				INFOPLIST_FILE = GastosWatch/Info.plist;
				MARKETING_VERSION = 1.2.1;
				PRODUCT_BUNDLE_IDENTIFIER = dev.cardozo.gastos.watchkitapp;
				PRODUCT_NAME = GastosWatch;
				SDKROOT = watchos;
				SKIP_INSTALL = YES;
				TARGETED_DEVICE_FAMILY = 4;
				WATCHOS_DEPLOYMENT_TARGET = 10.0;
			};
			name = Release;
		};
		D1EE6C0B1B43DEAAB51D0666 /* Debug */ = {
			isa = XCBuildConfiguration;
			buildSettings = {
				ASSETCATALOG_COMPILER_APPICON_NAME = AppIcon;
				CODE_SIGN_ENTITLEMENTS = Gastos/Gastos.entitlements;
				CODE_SIGN_IDENTITY = "iPhone Developer";
				CURRENT_PROJECT_VERSION = 1;
				GD_INGEST_URL = "https://script.google.com/macros/s/AKfycbxq9Vn_eMC_fLdLV4itZFL0ABHr0BdMZCzZeOyA68vECKBawpVIHcikn48tdpHan4h9mw/exec";
				INFOPLIST_FILE = Gastos/Info.plist;
				LD_RUNPATH_SEARCH_PATHS = (
					"$(inherited)",
					"@executable_path/Frameworks",
				);
				MARKETING_VERSION = 1.2.1;
				OTHER_LDFLAGS = "-ObjC";
				PRODUCT_BUNDLE_IDENTIFIER = dev.cardozo.gastos;
				PRODUCT_NAME = Gastos;
				SDKROOT = iphoneos;
				TARGETED_DEVICE_FAMILY = 1;
			};
			name = Debug;
		};
/* End XCBuildConfiguration section */

/* Begin XCConfigurationList section */
		30052E2E99F21A6AC0FE15B8 /* Build configuration list for PBXNativeTarget "GastosWatch" */ = {
			isa = XCConfigurationList;
			buildConfigurations = (
				0F7A548E662824E36ADD7A84 /* Debug */,
				AB1F027CAB1463BFE15D3557 /* Release */,
			);
			defaultConfigurationIsVisible = 0;
			defaultConfigurationName = Debug;
		};
		4DE96A6FE8D8A1324FD1BACC /* Build configuration list for PBXNativeTarget "Gastos" */ = {
			isa = XCConfigurationList;
			buildConfigurations = (
				D1EE6C0B1B43DEAAB51D0666 /* Debug */,
				0109B1E16BB0540A01B22203 /* Release */,
			);
			defaultConfigurationIsVisible = 0;
			defaultConfigurationName = Debug;
		};
		53CBE93C8FFF6DDCFBDD3B65 /* Build configuration list for PBXNativeTarget "GastosTests" */ = {
			isa = XCConfigurationList;
			buildConfigurations = (
				2B4292995B020F940B14959D /* Debug */,
				282B23260D75EA1AF293EC63 /* Release */,
			);
			defaultConfigurationIsVisible = 0;
			defaultConfigurationName = Debug;
		};
		72E9E83A3E2461AB84BCF78B /* Build configuration list for PBXNativeTarget "GastosWidget" */ = {
			isa = XCConfigurationList;
			buildConfigurations = (
				8057131B98493D1455DA9748 /* Debug */,
				1601ABB183A712ADB8E5B0C9 /* Release */,
			);
			defaultConfigurationIsVisible = 0;
			defaultConfigurationName = Debug;
		};
		959CA0B48B95D53F53C72E2E /* Build configuration list for PBXProject "Gastos" */ = {
			isa = XCConfigurationList;
			buildConfigurations = (
				1F0A1CE9792102F0B0D17F17 /* Debug */,
				0132E693E16F3B41FB73DE8C /* Release */,
			);
			defaultConfigurationIsVisible = 0;
			defaultConfigurationName = Debug;
		};
/* End XCConfigurationList section */

/* Begin XCRemoteSwiftPackageReference section */
		1E58DB7DFFE0664CF626423B /* XCRemoteSwiftPackageReference "firebase-ios-sdk" */ = {
			isa = XCRemoteSwiftPackageReference;
			repositoryURL = "https://github.com/firebase/firebase-ios-sdk";
			requirement = {
				kind = upToNextMajorVersion;
				minimumVersion = 12.0.0;
			};
		};
		3A272F0AD6CF14BFDFF58A80 /* XCRemoteSwiftPackageReference "GoogleSignIn-iOS" */ = {
			isa = XCRemoteSwiftPackageReference;
			repositoryURL = "https://github.com/google/GoogleSignIn-iOS";
			requirement = {
				kind = upToNextMajorVersion;
				minimumVersion = 9.0.0;
			};
		};
/* End XCRemoteSwiftPackageReference section */

/* Begin XCSwiftPackageProductDependency section */
		1CDAE48B8076123DD8B1FB18 /* FirebaseFirestore */ = {
			isa = XCSwiftPackageProductDependency;
			package = 1E58DB7DFFE0664CF626423B /* XCRemoteSwiftPackageReference "firebase-ios-sdk" */;
			productName = FirebaseFirestore;
		};
		1DADFAE9D104A64E62CA0628 /* FirebaseAuth */ = {
			isa = XCSwiftPackageProductDependency;
			package = 1E58DB7DFFE0664CF626423B /* XCRemoteSwiftPackageReference "firebase-ios-sdk" */;
			productName = FirebaseAuth;
		};
		938A0A8D757CDEFC35CF85FD /* GoogleSignInSwift */ = {
			isa = XCSwiftPackageProductDependency;
			package = 3A272F0AD6CF14BFDFF58A80 /* XCRemoteSwiftPackageReference "GoogleSignIn-iOS" */;
			productName = GoogleSignInSwift;
		};
		9D60869E022C41FE521B3BBB /* FirebaseFirestore */ = {
			isa = XCSwiftPackageProductDependency;
			package = 1E58DB7DFFE0664CF626423B /* XCRemoteSwiftPackageReference "firebase-ios-sdk" */;
			productName = FirebaseFirestore;
		};
		DF6155B3FADEBC0E995FFDAB /* GoogleSignIn */ = {
			isa = XCSwiftPackageProductDependency;
			package = 3A272F0AD6CF14BFDFF58A80 /* XCRemoteSwiftPackageReference "GoogleSignIn-iOS" */;
			productName = GoogleSignIn;
		};
/* End XCSwiftPackageProductDependency section */
	};
	rootObject = 80F1F6F254FA52C3DFDD4C73 /* Project object */;
}
