// !$*UTF8*$!
{
	archiveVersion = 1;
	classes = {
	};
	objectVersion = 77;
	objects = {

/* Begin PBXBuildFile section */
		06CE1F0D1CB52AFD497DCEE6 /* WatchSupport.swift in Sources */ = {isa = PBXBuildFile; fileRef = CC1B3142A37042E43AF35EC1 /* WatchSupport.swift */; };
		11C3DF0A5473FBAE652B047B /* bank-match-vectors.json in Resources */ = {isa = PBXBuildFile; fileRef = 8A795380C7AD182D04979254 /* bank-match-vectors.json */; };
		1F4703215A63555016DC9CC6 /* GastosDiariosWatch.app in Embed Watch Content */ = {isa = PBXBuildFile; fileRef = F2E45F4FFC8505622F84485F /* GastosDiariosWatch.app */; settings = {ATTRIBUTES = (RemoveHeadersOnCopy, ); }; };
		1F9BA58700725716F9D218B6 /* ExpenseDetailSheet.swift in Sources */ = {isa = PBXBuildFile; fileRef = 770FE80DDDE76F46C9859BB8 /* ExpenseDetailSheet.swift */; };
		274C430DD6B23B4F19C0A5E5 /* WatchConnectivityModel.swift in Sources */ = {isa = PBXBuildFile; fileRef = C5AA2FE7D38ADF32A88459CF /* WatchConnectivityModel.swift */; };
		27FA6C49E3337B31FEF5AB05 /* BankMatch.swift in Sources */ = {isa = PBXBuildFile; fileRef = F9AE25283BC9E432099A5B3B /* BankMatch.swift */; };
		287317EE4CCAB473C7B3B0DD /* PiggyMark.swift in Sources */ = {isa = PBXBuildFile; fileRef = 48BF3AEB1A7B631C490D0F18 /* PiggyMark.swift */; };
		2CC4BB92F1CB68711C723A14 /* GoogleSignInSwift in Frameworks */ = {isa = PBXBuildFile; productRef = 7BDAA615B344F7D33E02779C /* GoogleSignInSwift */; };
		358B81D7BBDE72EE00BB04A4 /* SuggestionsTests.swift in Sources */ = {isa = PBXBuildFile; fileRef = E6926EB34226D1EF94D6ABB2 /* SuggestionsTests.swift */; };
		40A40EFB2C8AE17A8ADFADCF /* WidgetTheme.swift in Sources */ = {isa = PBXBuildFile; fileRef = 9EC5D52EACCD6C3040982EE4 /* WidgetTheme.swift */; };
		479F02C3187696EE7D8B592A /* BudgetSnapshot.swift in Sources */ = {isa = PBXBuildFile; fileRef = D4DB54625B627DD9D2F40F3D /* BudgetSnapshot.swift */; };
		48D2BD70CD13EBBAA1848454 /* GastosDiariosWatchApp.swift in Sources */ = {isa = PBXBuildFile; fileRef = BAEA9BBAFF633250640CC1BC /* GastosDiariosWatchApp.swift */; };
		49E2809F85C38193CDA8E175 /* Theme.swift in Sources */ = {isa = PBXBuildFile; fileRef = 145F6B37DD56D3F48641A9AB /* Theme.swift */; };
		4A6170B92E597704ED1A35D9 /* GastosDiariosApp.swift in Sources */ = {isa = PBXBuildFile; fileRef = 86228DE8CD158F7CBF6F706A /* GastosDiariosApp.swift */; };
		4A7C9399EB868F5BD37FCEE2 /* PeriodLogicTests.swift in Sources */ = {isa = PBXBuildFile; fileRef = F9267B91CA5884281ACB5887 /* PeriodLogicTests.swift */; };
		4E0559786DE3931FCA38453B /* AuthService.swift in Sources */ = {isa = PBXBuildFile; fileRef = 6ED43CCFFBE449FFB095396B /* AuthService.swift */; };
		50F8A743A1A76D4AC3AB60A9 /* Suggestions.swift in Sources */ = {isa = PBXBuildFile; fileRef = F33893831374AFF5EE633D25 /* Suggestions.swift */; };
		5172346AA7A7E3798CDDB9FD /* GoogleService-Info.plist in Resources */ = {isa = PBXBuildFile; fileRef = 88C4CEE8AB2BD7C3B1A50660 /* GoogleService-Info.plist */; };
		5294EA0188CE3A372AA24069 /* CategoriesManagerView.swift in Sources */ = {isa = PBXBuildFile; fileRef = 45E8539DAFA9587CC0291F04 /* CategoriesManagerView.swift */; };
		5455A60CA071010D3B53B606 /* WidgetBridge.swift in Sources */ = {isa = PBXBuildFile; fileRef = EC439A76443D441CA1E59FBA /* WidgetBridge.swift */; };
		57088CAAA6CBF0A900D6546B /* FirebaseFirestore in Frameworks */ = {isa = PBXBuildFile; productRef = 0C6A902D5FD08D33DF0CB379 /* FirebaseFirestore */; };
		5E46E4B94AD5C7F23B172691 /* OnboardingView.swift in Sources */ = {isa = PBXBuildFile; fileRef = B6536FA32700C9D56775F646 /* OnboardingView.swift */; };
		64A277BCB7F020EF239963C3 /* L10n.swift in Sources */ = {isa = PBXBuildFile; fileRef = 75E33FD8DDEB4A07F1B2A435 /* L10n.swift */; };
		680E4B8C6F5A7FE48B79B090 /* Assets.xcassets in Resources */ = {isa = PBXBuildFile; fileRef = 03D045921BA5FA8C21C1F897 /* Assets.xcassets */; };
		6946D942898FFB0E720BE6A8 /* Localizable.xcstrings in Resources */ = {isa = PBXBuildFile; fileRef = F2F3CF0DA3B43BF2B52F6274 /* Localizable.xcstrings */; };
		6C5BE67620D8309FBFC6AA29 /* Outfit-Variable.ttf in Resources */ = {isa = PBXBuildFile; fileRef = B5FBDD1492FAB100BFF4DC69 /* Outfit-Variable.ttf */; };
		6F988A6795BF9227AEDA3A80 /* SigningExpiryTests.swift in Sources */ = {isa = PBXBuildFile; fileRef = F875CB9A4249023372B6A501 /* SigningExpiryTests.swift */; };
		789F6152666388E18CA30122 /* ExpenseVerificationTests.swift in Sources */ = {isa = PBXBuildFile; fileRef = 2BFB850DCD2E81C2D2FE3A61 /* ExpenseVerificationTests.swift */; };
		822EFD43241545538E9E07A9 /* SigningExpiryService.swift in Sources */ = {isa = PBXBuildFile; fileRef = 83F2CD9DC403E30E0D49F3C5 /* SigningExpiryService.swift */; };
		8268094E7E032831B3671199 /* AppModel.swift in Sources */ = {isa = PBXBuildFile; fileRef = 1C8F75E05B2CB5526FAED626 /* AppModel.swift */; };
		8352CF5D8B36C1504025D291 /* BudgetAmountEditor.swift in Sources */ = {isa = PBXBuildFile; fileRef = A21D8B26F267E4D4FF49927C /* BudgetAmountEditor.swift */; };
		8A8E0DFCAC9E165B3E5BE2FD /* WatchEntryView.swift in Sources */ = {isa = PBXBuildFile; fileRef = F9E2A69A862D11BA003582B8 /* WatchEntryView.swift */; };
		8B830BAED6EB824DAF23866F /* WatchSyncService.swift in Sources */ = {isa = PBXBuildFile; fileRef = CFD2D6C9571B18B2E78C7040 /* WatchSyncService.swift */; };
		8DEF436DCA6C18809AB5721A /* RootView.swift in Sources */ = {isa = PBXBuildFile; fileRef = 5668D1DC7CEDD7BBB3BE18A4 /* RootView.swift */; };
		91BDD122169747015D348B67 /* VerifyExpenseSheet.swift in Sources */ = {isa = PBXBuildFile; fileRef = 7DBD83BF0FBE89C5BB0805F6 /* VerifyExpenseSheet.swift */; };
		93121744B6DC03F3CEEEE2FC /* BudgetEntryAmountTests.swift in Sources */ = {isa = PBXBuildFile; fileRef = C6FA9B2E125EE5FF221B75FE /* BudgetEntryAmountTests.swift */; };
		93D1A5BEC5F8DD031294522A /* QuickEntryIntent.swift in Sources */ = {isa = PBXBuildFile; fileRef = 94ECE3CD0E4139219665135A /* QuickEntryIntent.swift */; };
		98CF0F503439808C29ADD186 /* MoneyFormatter.swift in Sources */ = {isa = PBXBuildFile; fileRef = 552ACC0EF35076D9F87DE8BD /* MoneyFormatter.swift */; };
		9AB064ED54CA05C3CAA73F45 /* Localizable.xcstrings in Resources */ = {isa = PBXBuildFile; fileRef = F53CD2A73A681E6F361C7C16 /* Localizable.xcstrings */; };
		9ED3E316CDD7541FFB9D1270 /* QuickEntryIntent.swift in Sources */ = {isa = PBXBuildFile; fileRef = 94ECE3CD0E4139219665135A /* QuickEntryIntent.swift */; };
		9F9E15C2ABBF4A7A747FDC1E /* period-test-vectors.json in Resources */ = {isa = PBXBuildFile; fileRef = C61FCF0E69A7236D256390A7 /* period-test-vectors.json */; };
		A5F76507F0CC0B20997205D6 /* ReminderService.swift in Sources */ = {isa = PBXBuildFile; fileRef = 7484D19116522C218B8D7881 /* ReminderService.swift */; };
		A7E3EB7757720198B6CAB1C7 /* FirestoreService.swift in Sources */ = {isa = PBXBuildFile; fileRef = 73D2B1C84483CD1A063D9EDF /* FirestoreService.swift */; };
		A81659D5DF0A3C5EA2D6BC8D /* GastosDiariosWidgetBundle.swift in Sources */ = {isa = PBXBuildFile; fileRef = 4D2312BF519B44947A6A995D /* GastosDiariosWidgetBundle.swift */; };
		B088F40899D33FEB92EE2A8A /* Models.swift in Sources */ = {isa = PBXBuildFile; fileRef = 23612A2AE85E20827C54AF6A /* Models.swift */; };
		B34CA47D13921BED80C35823 /* GastosDiariosWidget.appex in Embed Foundation Extensions */ = {isa = PBXBuildFile; fileRef = 9E73BFFFDD149DEA34FF6D4B /* GastosDiariosWidget.appex */; settings = {ATTRIBUTES = (RemoveHeadersOnCopy, ); }; };
		B9FE52D1FA9F7D04829C48D1 /* BudgetWidget.swift in Sources */ = {isa = PBXBuildFile; fileRef = A287043194DBE706C3F695D1 /* BudgetWidget.swift */; };
		BB8BF40DF8B481EB06B9C2A1 /* BankMatchTests.swift in Sources */ = {isa = PBXBuildFile; fileRef = D087ED99498939948DFCD72D /* BankMatchTests.swift */; };
		C003724BF4470744B6B53B53 /* Components.swift in Sources */ = {isa = PBXBuildFile; fileRef = C1C12B6B3B51CC9E2962B1CE /* Components.swift */; };
		C19497155C651CCEC6F0E5E9 /* Localizable.xcstrings in Resources */ = {isa = PBXBuildFile; fileRef = C4CC9EABCE305CAAE362D514 /* Localizable.xcstrings */; };
		C85234FD7E915451EBD5B306 /* ExpenseFormView.swift in Sources */ = {isa = PBXBuildFile; fileRef = 87966E98F3C0C867AE517CE9 /* ExpenseFormView.swift */; };
		C92E8EBD9E46D90366CB2EA9 /* SummaryView.swift in Sources */ = {isa = PBXBuildFile; fileRef = 5FF2C9C180DB1513B7C1F494 /* SummaryView.swift */; };
		CB8092081896A331FD25750E /* BankChargeInboxTests.swift in Sources */ = {isa = PBXBuildFile; fileRef = 021A158506471604F1680607 /* BankChargeInboxTests.swift */; };
		D1D835112EBEB73ADD5E788C /* Assets.xcassets in Resources */ = {isa = PBXBuildFile; fileRef = FB86DA59B8D86AC1BE949A16 /* Assets.xcassets */; };
		DE10CA45FBC616EAE3F58B0E /* FirebaseAuth in Frameworks */ = {isa = PBXBuildFile; productRef = 899B0F90EA1747BB99A5B325 /* FirebaseAuth */; };
		E0BCA48607F739A48666E584 /* BankChargeInbox.swift in Sources */ = {isa = PBXBuildFile; fileRef = 36C6176C5EC1A14172A018F1 /* BankChargeInbox.swift */; };
		E2B11B14C6758B571316975F /* categories.json in Resources */ = {isa = PBXBuildFile; fileRef = B2DE59304825CBC116B66700 /* categories.json */; };
		E3369B40B60E8E9F1C03A0CF /* categories.json in Resources */ = {isa = PBXBuildFile; fileRef = B2DE59304825CBC116B66700 /* categories.json */; };
		E49104A9FE7E72C24D85CD20 /* PeriodLogic.swift in Sources */ = {isa = PBXBuildFile; fileRef = E9FF38E6AC6CDBCE84D78FF7 /* PeriodLogic.swift */; };
		E5DC5BAF309E5A07BDACCC7F /* BankChargesSheet.swift in Sources */ = {isa = PBXBuildFile; fileRef = 641417306B9A3971B3910276 /* BankChargesSheet.swift */; };
		E9A36DFB46064CBB78CB3148 /* NewPeriodScreen.swift in Sources */ = {isa = PBXBuildFile; fileRef = 7176FBEFF6274765EDCC3CCD /* NewPeriodScreen.swift */; };
		EC2434DE5909830DA8DB749F /* GoogleSignIn in Frameworks */ = {isa = PBXBuildFile; productRef = D3934372BE7A86D42D837236 /* GoogleSignIn */; };
		F66E126B602E61FCCC04EA5B /* SettingsView.swift in Sources */ = {isa = PBXBuildFile; fileRef = F1A3DE79D792BD15A233F74D /* SettingsView.swift */; };
		F6C3A5A2215B37A39404FBF6 /* HistoryView.swift in Sources */ = {isa = PBXBuildFile; fileRef = D1033958EAF0770812248EF2 /* HistoryView.swift */; };
		FBA2FB7F467551ED953B03E1 /* ExtendPeriodSheet.swift in Sources */ = {isa = PBXBuildFile; fileRef = D97F66821E44E31296A3C8CB /* ExtendPeriodSheet.swift */; };
/* End PBXBuildFile section */

/* Begin PBXContainerItemProxy section */
		0059ACA86300142D6A06E0B7 /* PBXContainerItemProxy */ = {
			isa = PBXContainerItemProxy;
			containerPortal = E5E643F7313A6B9B20269C15 /* Project object */;
			proxyType = 1;
			remoteGlobalIDString = CA80E83009431AB805515F6A;
			remoteInfo = GastosDiariosWatch;
		};
		3305006560AA7F7A2AEA76B7 /* PBXContainerItemProxy */ = {
			isa = PBXContainerItemProxy;
			containerPortal = E5E643F7313A6B9B20269C15 /* Project object */;
			proxyType = 1;
			remoteGlobalIDString = BB77704655A94E52B0EDAC2D;
			remoteInfo = GastosDiarios;
		};
		A922AC201CD2FAA6B33C72C7 /* PBXContainerItemProxy */ = {
			isa = PBXContainerItemProxy;
			containerPortal = E5E643F7313A6B9B20269C15 /* Project object */;
			proxyType = 1;
			remoteGlobalIDString = FDC38A1B3C147B9B2FB09856;
			remoteInfo = GastosDiariosWidget;
		};
/* End PBXContainerItemProxy section */

/* Begin PBXCopyFilesBuildPhase section */
		24AA1E7A21857C347AA12296 /* Embed Watch Content */ = {
			isa = PBXCopyFilesBuildPhase;
			buildActionMask = 2147483647;
			dstPath = "$(CONTENTS_FOLDER_PATH)/Watch";
			dstSubfolderSpec = 16;
			files = (
				1F4703215A63555016DC9CC6 /* GastosDiariosWatch.app in Embed Watch Content */,
			);
			name = "Embed Watch Content";
			runOnlyForDeploymentPostprocessing = 0;
		};
		4AFF5D6FDD88C772CB974500 /* Embed Foundation Extensions */ = {
			isa = PBXCopyFilesBuildPhase;
			buildActionMask = 2147483647;
			dstPath = "";
			dstSubfolderSpec = 13;
			files = (
				B34CA47D13921BED80C35823 /* GastosDiariosWidget.appex in Embed Foundation Extensions */,
			);
			name = "Embed Foundation Extensions";
			runOnlyForDeploymentPostprocessing = 0;
		};
/* End PBXCopyFilesBuildPhase section */

/* Begin PBXFileReference section */
		021A158506471604F1680607 /* BankChargeInboxTests.swift */ = {isa = PBXFileReference; lastKnownFileType = sourcecode.swift; path = BankChargeInboxTests.swift; sourceTree = "<group>"; };
		03D045921BA5FA8C21C1F897 /* Assets.xcassets */ = {isa = PBXFileReference; lastKnownFileType = folder.assetcatalog; path = Assets.xcassets; sourceTree = "<group>"; };
		145F6B37DD56D3F48641A9AB /* Theme.swift */ = {isa = PBXFileReference; lastKnownFileType = sourcecode.swift; path = Theme.swift; sourceTree = "<group>"; };
		1C8F75E05B2CB5526FAED626 /* AppModel.swift */ = {isa = PBXFileReference; lastKnownFileType = sourcecode.swift; path = AppModel.swift; sourceTree = "<group>"; };
		23612A2AE85E20827C54AF6A /* Models.swift */ = {isa = PBXFileReference; lastKnownFileType = sourcecode.swift; path = Models.swift; sourceTree = "<group>"; };
		24370CD3C5C4E80E76227FF0 /* Info.plist */ = {isa = PBXFileReference; lastKnownFileType = text.plist; path = Info.plist; sourceTree = "<group>"; };
		2B3321D9E7495AC37BDC6004 /* GastosDiarios.app */ = {isa = PBXFileReference; includeInIndex = 0; lastKnownFileType = wrapper.application; path = GastosDiarios.app; sourceTree = BUILT_PRODUCTS_DIR; };
		2B6F41CE08795F7FABF2312F /* Info.plist */ = {isa = PBXFileReference; lastKnownFileType = text.plist; path = Info.plist; sourceTree = "<group>"; };
		2BFB850DCD2E81C2D2FE3A61 /* ExpenseVerificationTests.swift */ = {isa = PBXFileReference; lastKnownFileType = sourcecode.swift; path = ExpenseVerificationTests.swift; sourceTree = "<group>"; };
		36C6176C5EC1A14172A018F1 /* BankChargeInbox.swift */ = {isa = PBXFileReference; lastKnownFileType = sourcecode.swift; path = BankChargeInbox.swift; sourceTree = "<group>"; };
		45E8539DAFA9587CC0291F04 /* CategoriesManagerView.swift */ = {isa = PBXFileReference; lastKnownFileType = sourcecode.swift; path = CategoriesManagerView.swift; sourceTree = "<group>"; };
		48BF3AEB1A7B631C490D0F18 /* PiggyMark.swift */ = {isa = PBXFileReference; lastKnownFileType = sourcecode.swift; path = PiggyMark.swift; sourceTree = "<group>"; };
		4D2312BF519B44947A6A995D /* GastosDiariosWidgetBundle.swift */ = {isa = PBXFileReference; lastKnownFileType = sourcecode.swift; path = GastosDiariosWidgetBundle.swift; sourceTree = "<group>"; };
		552ACC0EF35076D9F87DE8BD /* MoneyFormatter.swift */ = {isa = PBXFileReference; lastKnownFileType = sourcecode.swift; path = MoneyFormatter.swift; sourceTree = "<group>"; };
		5668D1DC7CEDD7BBB3BE18A4 /* RootView.swift */ = {isa = PBXFileReference; lastKnownFileType = sourcecode.swift; path = RootView.swift; sourceTree = "<group>"; };
		5FF2C9C180DB1513B7C1F494 /* SummaryView.swift */ = {isa = PBXFileReference; lastKnownFileType = sourcecode.swift; path = SummaryView.swift; sourceTree = "<group>"; };
		641417306B9A3971B3910276 /* BankChargesSheet.swift */ = {isa = PBXFileReference; lastKnownFileType = sourcecode.swift; path = BankChargesSheet.swift; sourceTree = "<group>"; };
		68782F8F6E6DBE2B3A582B62 /* GastosDiarios.entitlements */ = {isa = PBXFileReference; lastKnownFileType = text.plist.entitlements; path = GastosDiarios.entitlements; sourceTree = "<group>"; };
		6B98CA105FB223E5AFAF9A68 /* GastosDiariosTests.xctest */ = {isa = PBXFileReference; includeInIndex = 0; lastKnownFileType = wrapper.cfbundle; path = GastosDiariosTests.xctest; sourceTree = BUILT_PRODUCTS_DIR; };
		6ED43CCFFBE449FFB095396B /* AuthService.swift */ = {isa = PBXFileReference; lastKnownFileType = sourcecode.swift; path = AuthService.swift; sourceTree = "<group>"; };
		7176FBEFF6274765EDCC3CCD /* NewPeriodScreen.swift */ = {isa = PBXFileReference; lastKnownFileType = sourcecode.swift; path = NewPeriodScreen.swift; sourceTree = "<group>"; };
		73D2B1C84483CD1A063D9EDF /* FirestoreService.swift */ = {isa = PBXFileReference; lastKnownFileType = sourcecode.swift; path = FirestoreService.swift; sourceTree = "<group>"; };
		7484D19116522C218B8D7881 /* ReminderService.swift */ = {isa = PBXFileReference; lastKnownFileType = sourcecode.swift; path = ReminderService.swift; sourceTree = "<group>"; };
		75E33FD8DDEB4A07F1B2A435 /* L10n.swift */ = {isa = PBXFileReference; lastKnownFileType = sourcecode.swift; path = L10n.swift; sourceTree = "<group>"; };
		770FE80DDDE76F46C9859BB8 /* ExpenseDetailSheet.swift */ = {isa = PBXFileReference; lastKnownFileType = sourcecode.swift; path = ExpenseDetailSheet.swift; sourceTree = "<group>"; };
		7DBD83BF0FBE89C5BB0805F6 /* VerifyExpenseSheet.swift */ = {isa = PBXFileReference; lastKnownFileType = sourcecode.swift; path = VerifyExpenseSheet.swift; sourceTree = "<group>"; };
		83F2CD9DC403E30E0D49F3C5 /* SigningExpiryService.swift */ = {isa = PBXFileReference; lastKnownFileType = sourcecode.swift; path = SigningExpiryService.swift; sourceTree = "<group>"; };
		86228DE8CD158F7CBF6F706A /* GastosDiariosApp.swift */ = {isa = PBXFileReference; lastKnownFileType = sourcecode.swift; path = GastosDiariosApp.swift; sourceTree = "<group>"; };
		87966E98F3C0C867AE517CE9 /* ExpenseFormView.swift */ = {isa = PBXFileReference; lastKnownFileType = sourcecode.swift; path = ExpenseFormView.swift; sourceTree = "<group>"; };
		88C4CEE8AB2BD7C3B1A50660 /* GoogleService-Info.plist */ = {isa = PBXFileReference; lastKnownFileType = text.plist; path = "GoogleService-Info.plist"; sourceTree = "<group>"; };
		8A795380C7AD182D04979254 /* bank-match-vectors.json */ = {isa = PBXFileReference; lastKnownFileType = text.json; path = "bank-match-vectors.json"; sourceTree = "<group>"; };
		94ECE3CD0E4139219665135A /* QuickEntryIntent.swift */ = {isa = PBXFileReference; lastKnownFileType = sourcecode.swift; path = QuickEntryIntent.swift; sourceTree = "<group>"; };
		990596864A5AD40BA5EE4803 /* Info.plist */ = {isa = PBXFileReference; lastKnownFileType = text.plist; path = Info.plist; sourceTree = "<group>"; };
		9E73BFFFDD149DEA34FF6D4B /* GastosDiariosWidget.appex */ = {isa = PBXFileReference; includeInIndex = 0; lastKnownFileType = "wrapper.app-extension"; path = GastosDiariosWidget.appex; sourceTree = BUILT_PRODUCTS_DIR; };
		9EC5D52EACCD6C3040982EE4 /* WidgetTheme.swift */ = {isa = PBXFileReference; lastKnownFileType = sourcecode.swift; path = WidgetTheme.swift; sourceTree = "<group>"; };
		A21D8B26F267E4D4FF49927C /* BudgetAmountEditor.swift */ = {isa = PBXFileReference; lastKnownFileType = sourcecode.swift; path = BudgetAmountEditor.swift; sourceTree = "<group>"; };
		A287043194DBE706C3F695D1 /* BudgetWidget.swift */ = {isa = PBXFileReference; lastKnownFileType = sourcecode.swift; path = BudgetWidget.swift; sourceTree = "<group>"; };
		ACDCA9AC2534434D541C748E /* GastosDiariosWidget.entitlements */ = {isa = PBXFileReference; lastKnownFileType = text.plist.entitlements; path = GastosDiariosWidget.entitlements; sourceTree = "<group>"; };
		B2DE59304825CBC116B66700 /* categories.json */ = {isa = PBXFileReference; lastKnownFileType = text.json; path = categories.json; sourceTree = "<group>"; };
		B5FBDD1492FAB100BFF4DC69 /* Outfit-Variable.ttf */ = {isa = PBXFileReference; lastKnownFileType = file; path = "Outfit-Variable.ttf"; sourceTree = "<group>"; };
		B6536FA32700C9D56775F646 /* OnboardingView.swift */ = {isa = PBXFileReference; lastKnownFileType = sourcecode.swift; path = OnboardingView.swift; sourceTree = "<group>"; };
		BAEA9BBAFF633250640CC1BC /* GastosDiariosWatchApp.swift */ = {isa = PBXFileReference; lastKnownFileType = sourcecode.swift; path = GastosDiariosWatchApp.swift; sourceTree = "<group>"; };
		C1C12B6B3B51CC9E2962B1CE /* Components.swift */ = {isa = PBXFileReference; lastKnownFileType = sourcecode.swift; path = Components.swift; sourceTree = "<group>"; };
		C4CC9EABCE305CAAE362D514 /* Localizable.xcstrings */ = {isa = PBXFileReference; lastKnownFileType = text.json.xcstrings; path = Localizable.xcstrings; sourceTree = "<group>"; };
		C5AA2FE7D38ADF32A88459CF /* WatchConnectivityModel.swift */ = {isa = PBXFileReference; lastKnownFileType = sourcecode.swift; path = WatchConnectivityModel.swift; sourceTree = "<group>"; };
		C61FCF0E69A7236D256390A7 /* period-test-vectors.json */ = {isa = PBXFileReference; lastKnownFileType = text.json; path = "period-test-vectors.json"; sourceTree = "<group>"; };
		C6FA9B2E125EE5FF221B75FE /* BudgetEntryAmountTests.swift */ = {isa = PBXFileReference; lastKnownFileType = sourcecode.swift; path = BudgetEntryAmountTests.swift; sourceTree = "<group>"; };
		CC1B3142A37042E43AF35EC1 /* WatchSupport.swift */ = {isa = PBXFileReference; lastKnownFileType = sourcecode.swift; path = WatchSupport.swift; sourceTree = "<group>"; };
		CFD2D6C9571B18B2E78C7040 /* WatchSyncService.swift */ = {isa = PBXFileReference; lastKnownFileType = sourcecode.swift; path = WatchSyncService.swift; sourceTree = "<group>"; };
		D087ED99498939948DFCD72D /* BankMatchTests.swift */ = {isa = PBXFileReference; lastKnownFileType = sourcecode.swift; path = BankMatchTests.swift; sourceTree = "<group>"; };
		D1033958EAF0770812248EF2 /* HistoryView.swift */ = {isa = PBXFileReference; lastKnownFileType = sourcecode.swift; path = HistoryView.swift; sourceTree = "<group>"; };
		D4DB54625B627DD9D2F40F3D /* BudgetSnapshot.swift */ = {isa = PBXFileReference; lastKnownFileType = sourcecode.swift; path = BudgetSnapshot.swift; sourceTree = "<group>"; };
		D97F66821E44E31296A3C8CB /* ExtendPeriodSheet.swift */ = {isa = PBXFileReference; lastKnownFileType = sourcecode.swift; path = ExtendPeriodSheet.swift; sourceTree = "<group>"; };
		E6926EB34226D1EF94D6ABB2 /* SuggestionsTests.swift */ = {isa = PBXFileReference; lastKnownFileType = sourcecode.swift; path = SuggestionsTests.swift; sourceTree = "<group>"; };
		E9FF38E6AC6CDBCE84D78FF7 /* PeriodLogic.swift */ = {isa = PBXFileReference; lastKnownFileType = sourcecode.swift; path = PeriodLogic.swift; sourceTree = "<group>"; };
		EC439A76443D441CA1E59FBA /* WidgetBridge.swift */ = {isa = PBXFileReference; lastKnownFileType = sourcecode.swift; path = WidgetBridge.swift; sourceTree = "<group>"; };
		F1A3DE79D792BD15A233F74D /* SettingsView.swift */ = {isa = PBXFileReference; lastKnownFileType = sourcecode.swift; path = SettingsView.swift; sourceTree = "<group>"; };
		F2E45F4FFC8505622F84485F /* GastosDiariosWatch.app */ = {isa = PBXFileReference; explicitFileType = wrapper.application; includeInIndex = 0; path = GastosDiariosWatch.app; sourceTree = BUILT_PRODUCTS_DIR; };
		F2F3CF0DA3B43BF2B52F6274 /* Localizable.xcstrings */ = {isa = PBXFileReference; lastKnownFileType = text.json.xcstrings; path = Localizable.xcstrings; sourceTree = "<group>"; };
		F33893831374AFF5EE633D25 /* Suggestions.swift */ = {isa = PBXFileReference; lastKnownFileType = sourcecode.swift; path = Suggestions.swift; sourceTree = "<group>"; };
		F53CD2A73A681E6F361C7C16 /* Localizable.xcstrings */ = {isa = PBXFileReference; lastKnownFileType = text.json.xcstrings; path = Localizable.xcstrings; sourceTree = "<group>"; };
		F875CB9A4249023372B6A501 /* SigningExpiryTests.swift */ = {isa = PBXFileReference; lastKnownFileType = sourcecode.swift; path = SigningExpiryTests.swift; sourceTree = "<group>"; };
		F9267B91CA5884281ACB5887 /* PeriodLogicTests.swift */ = {isa = PBXFileReference; lastKnownFileType = sourcecode.swift; path = PeriodLogicTests.swift; sourceTree = "<group>"; };
		F9AE25283BC9E432099A5B3B /* BankMatch.swift */ = {isa = PBXFileReference; lastKnownFileType = sourcecode.swift; path = BankMatch.swift; sourceTree = "<group>"; };
		F9E2A69A862D11BA003582B8 /* WatchEntryView.swift */ = {isa = PBXFileReference; lastKnownFileType = sourcecode.swift; path = WatchEntryView.swift; sourceTree = "<group>"; };
		FB86DA59B8D86AC1BE949A16 /* Assets.xcassets */ = {isa = PBXFileReference; lastKnownFileType = folder.assetcatalog; path = Assets.xcassets; sourceTree = "<group>"; };
/* End PBXFileReference section */

/* Begin PBXFrameworksBuildPhase section */
		BE46184CD8812337AB59EF65 /* Frameworks */ = {
			isa = PBXFrameworksBuildPhase;
			buildActionMask = 2147483647;
			files = (
				DE10CA45FBC616EAE3F58B0E /* FirebaseAuth in Frameworks */,
				57088CAAA6CBF0A900D6546B /* FirebaseFirestore in Frameworks */,
				EC2434DE5909830DA8DB749F /* GoogleSignIn in Frameworks */,
				2CC4BB92F1CB68711C723A14 /* GoogleSignInSwift in Frameworks */,
			);
			runOnlyForDeploymentPostprocessing = 0;
		};
/* End PBXFrameworksBuildPhase section */

/* Begin PBXGroup section */
		0448E3CBD3A1D278A80384D1 /* Entry */ = {
			isa = PBXGroup;
			children = (
				87966E98F3C0C867AE517CE9 /* ExpenseFormView.swift */,
			);
			path = Entry;
			sourceTree = "<group>";
		};
		04C722E8D013CF1E463B702E /* Core */ = {
			isa = PBXGroup;
			children = (
				36C6176C5EC1A14172A018F1 /* BankChargeInbox.swift */,
				F9AE25283BC9E432099A5B3B /* BankMatch.swift */,
				75E33FD8DDEB4A07F1B2A435 /* L10n.swift */,
				23612A2AE85E20827C54AF6A /* Models.swift */,
				552ACC0EF35076D9F87DE8BD /* MoneyFormatter.swift */,
				E9FF38E6AC6CDBCE84D78FF7 /* PeriodLogic.swift */,
				F33893831374AFF5EE633D25 /* Suggestions.swift */,
			);
			path = Core;
			sourceTree = "<group>";
		};
		1C63D29C97EB45CDDA29BC48 /* shared */ = {
			isa = PBXGroup;
			children = (
				8A795380C7AD182D04979254 /* bank-match-vectors.json */,
				B2DE59304825CBC116B66700 /* categories.json */,
				C61FCF0E69A7236D256390A7 /* period-test-vectors.json */,
			);
			path = shared;
			sourceTree = "<group>";
		};
		2D1CF1122C838CB0BF7076F1 = {
			isa = PBXGroup;
			children = (
				C1031BEA647A7B4B784DE082 /* gastos-diarios */,
				368B3AF36EB97834D9D8EA07 /* GastosDiarios */,
				9F17DAD116300D340E9287E1 /* GastosDiariosTests */,
				72C1916B67069ECD0FBF118C /* GastosDiariosWatch */,
				A39F30AF05DA0C0C95A98FEE /* GastosDiariosWidget */,
				EC8E729833D56BB06134C2A4 /* Products */,
			);
			sourceTree = "<group>";
		};
		368B3AF36EB97834D9D8EA07 /* GastosDiarios */ = {
			isa = PBXGroup;
			children = (
				5D1B48E8613D3AB1BEAE090D /* App */,
				04C722E8D013CF1E463B702E /* Core */,
				99207E896B20A64741733DFB /* Design */,
				7BDF0F46CC3046456B6179DC /* Features */,
				EBE8D8A3C16A15FBD024270E /* Resources */,
				A3767CF582642B7CEB8925D3 /* Services */,
				68782F8F6E6DBE2B3A582B62 /* GastosDiarios.entitlements */,
				990596864A5AD40BA5EE4803 /* Info.plist */,
			);
			path = GastosDiarios;
			sourceTree = "<group>";
		};
		50AE58F95691BB9E5BC1893C /* Fonts */ = {
			isa = PBXGroup;
			children = (
				B5FBDD1492FAB100BFF4DC69 /* Outfit-Variable.ttf */,
			);
			path = Fonts;
			sourceTree = "<group>";
		};
		5D1B48E8613D3AB1BEAE090D /* App */ = {
			isa = PBXGroup;
			children = (
				1C8F75E05B2CB5526FAED626 /* AppModel.swift */,
				86228DE8CD158F7CBF6F706A /* GastosDiariosApp.swift */,
				94ECE3CD0E4139219665135A /* QuickEntryIntent.swift */,
				5668D1DC7CEDD7BBB3BE18A4 /* RootView.swift */,
			);
			path = App;
			sourceTree = "<group>";
		};
		6863DB5EFAF36F68CD5B49FB /* Settings */ = {
			isa = PBXGroup;
			children = (
				45E8539DAFA9587CC0291F04 /* CategoriesManagerView.swift */,
				D97F66821E44E31296A3C8CB /* ExtendPeriodSheet.swift */,
				F1A3DE79D792BD15A233F74D /* SettingsView.swift */,
			);
			path = Settings;
			sourceTree = "<group>";
		};
		72C1916B67069ECD0FBF118C /* GastosDiariosWatch */ = {
			isa = PBXGroup;
			children = (
				03D045921BA5FA8C21C1F897 /* Assets.xcassets */,
				BAEA9BBAFF633250640CC1BC /* GastosDiariosWatchApp.swift */,
				24370CD3C5C4E80E76227FF0 /* Info.plist */,
				F2F3CF0DA3B43BF2B52F6274 /* Localizable.xcstrings */,
				C5AA2FE7D38ADF32A88459CF /* WatchConnectivityModel.swift */,
				F9E2A69A862D11BA003582B8 /* WatchEntryView.swift */,
				CC1B3142A37042E43AF35EC1 /* WatchSupport.swift */,
			);
			path = GastosDiariosWatch;
			sourceTree = "<group>";
		};
		72CF5D8BF79D96DF4DB2B25C /* Onboarding */ = {
			isa = PBXGroup;
			children = (
				B6536FA32700C9D56775F646 /* OnboardingView.swift */,
			);
			path = Onboarding;
			sourceTree = "<group>";
		};
		73CAD261DF4859186CE751F8 /* History */ = {
			isa = PBXGroup;
			children = (
				641417306B9A3971B3910276 /* BankChargesSheet.swift */,
				770FE80DDDE76F46C9859BB8 /* ExpenseDetailSheet.swift */,
				D1033958EAF0770812248EF2 /* HistoryView.swift */,
				7DBD83BF0FBE89C5BB0805F6 /* VerifyExpenseSheet.swift */,
			);
			path = History;
			sourceTree = "<group>";
		};
		7BDF0F46CC3046456B6179DC /* Features */ = {
			isa = PBXGroup;
			children = (
				0448E3CBD3A1D278A80384D1 /* Entry */,
				73CAD261DF4859186CE751F8 /* History */,
				72CF5D8BF79D96DF4DB2B25C /* Onboarding */,
				6863DB5EFAF36F68CD5B49FB /* Settings */,
				FC6393D243A4D33471F44C47 /* Summary */,
			);
			path = Features;
			sourceTree = "<group>";
		};
		99207E896B20A64741733DFB /* Design */ = {
			isa = PBXGroup;
			children = (
				A21D8B26F267E4D4FF49927C /* BudgetAmountEditor.swift */,
				C1C12B6B3B51CC9E2962B1CE /* Components.swift */,
				145F6B37DD56D3F48641A9AB /* Theme.swift */,
			);
			path = Design;
			sourceTree = "<group>";
		};
		9F17DAD116300D340E9287E1 /* GastosDiariosTests */ = {
			isa = PBXGroup;
			children = (
				021A158506471604F1680607 /* BankChargeInboxTests.swift */,
				D087ED99498939948DFCD72D /* BankMatchTests.swift */,
				C6FA9B2E125EE5FF221B75FE /* BudgetEntryAmountTests.swift */,
				2BFB850DCD2E81C2D2FE3A61 /* ExpenseVerificationTests.swift */,
				F9267B91CA5884281ACB5887 /* PeriodLogicTests.swift */,
				F875CB9A4249023372B6A501 /* SigningExpiryTests.swift */,
				E6926EB34226D1EF94D6ABB2 /* SuggestionsTests.swift */,
			);
			path = GastosDiariosTests;
			sourceTree = "<group>";
		};
		A3767CF582642B7CEB8925D3 /* Services */ = {
			isa = PBXGroup;
			children = (
				6ED43CCFFBE449FFB095396B /* AuthService.swift */,
				73D2B1C84483CD1A063D9EDF /* FirestoreService.swift */,
				7484D19116522C218B8D7881 /* ReminderService.swift */,
				83F2CD9DC403E30E0D49F3C5 /* SigningExpiryService.swift */,
				CFD2D6C9571B18B2E78C7040 /* WatchSyncService.swift */,
				EC439A76443D441CA1E59FBA /* WidgetBridge.swift */,
			);
			path = Services;
			sourceTree = "<group>";
		};
		A39F30AF05DA0C0C95A98FEE /* GastosDiariosWidget */ = {
			isa = PBXGroup;
			children = (
				D4DB54625B627DD9D2F40F3D /* BudgetSnapshot.swift */,
				A287043194DBE706C3F695D1 /* BudgetWidget.swift */,
				ACDCA9AC2534434D541C748E /* GastosDiariosWidget.entitlements */,
				4D2312BF519B44947A6A995D /* GastosDiariosWidgetBundle.swift */,
				2B6F41CE08795F7FABF2312F /* Info.plist */,
				F53CD2A73A681E6F361C7C16 /* Localizable.xcstrings */,
				48BF3AEB1A7B631C490D0F18 /* PiggyMark.swift */,
				9EC5D52EACCD6C3040982EE4 /* WidgetTheme.swift */,
			);
			path = GastosDiariosWidget;
			sourceTree = "<group>";
		};
		C1031BEA647A7B4B784DE082 /* gastos-diarios */ = {
			isa = PBXGroup;
			children = (
				1C63D29C97EB45CDDA29BC48 /* shared */,
			);
			name = "gastos-diarios";
			path = ../..;
			sourceTree = "<group>";
		};
		EBE8D8A3C16A15FBD024270E /* Resources */ = {
			isa = PBXGroup;
			children = (
				50AE58F95691BB9E5BC1893C /* Fonts */,
				FB86DA59B8D86AC1BE949A16 /* Assets.xcassets */,
				88C4CEE8AB2BD7C3B1A50660 /* GoogleService-Info.plist */,
				C4CC9EABCE305CAAE362D514 /* Localizable.xcstrings */,
			);
			path = Resources;
			sourceTree = "<group>";
		};
		EC8E729833D56BB06134C2A4 /* Products */ = {
			isa = PBXGroup;
			children = (
				2B3321D9E7495AC37BDC6004 /* GastosDiarios.app */,
				6B98CA105FB223E5AFAF9A68 /* GastosDiariosTests.xctest */,
				F2E45F4FFC8505622F84485F /* GastosDiariosWatch.app */,
				9E73BFFFDD149DEA34FF6D4B /* GastosDiariosWidget.appex */,
			);
			name = Products;
			sourceTree = "<group>";
		};
		FC6393D243A4D33471F44C47 /* Summary */ = {
			isa = PBXGroup;
			children = (
				7176FBEFF6274765EDCC3CCD /* NewPeriodScreen.swift */,
				5FF2C9C180DB1513B7C1F494 /* SummaryView.swift */,
			);
			path = Summary;
			sourceTree = "<group>";
		};
/* End PBXGroup section */

/* Begin PBXNativeTarget section */
		B27E9CBF7F7A5606DBAA3B11 /* GastosDiariosTests */ = {
			isa = PBXNativeTarget;
			buildConfigurationList = 829BCF3D03A8DED098723A06 /* Build configuration list for PBXNativeTarget "GastosDiariosTests" */;
			buildPhases = (
				B1D55FAA70503958CC69DF35 /* Sources */,
				6A70F1F6476F9661A2EB0655 /* Resources */,
			);
			buildRules = (
			);
			dependencies = (
				88151C337B88ACB3AFE3C97F /* PBXTargetDependency */,
			);
			name = GastosDiariosTests;
			packageProductDependencies = (
			);
			productName = GastosDiariosTests;
			productReference = 6B98CA105FB223E5AFAF9A68 /* GastosDiariosTests.xctest */;
			productType = "com.apple.product-type.bundle.unit-test";
		};
		BB77704655A94E52B0EDAC2D /* GastosDiarios */ = {
			isa = PBXNativeTarget;
			buildConfigurationList = 734DB64998BB0BABE28D6DCC /* Build configuration list for PBXNativeTarget "GastosDiarios" */;
			buildPhases = (
				8ED912259AAD7D33784A4A48 /* Sources */,
				86E1B94CEF935EC007D4510A /* Resources */,
				BE46184CD8812337AB59EF65 /* Frameworks */,
				4AFF5D6FDD88C772CB974500 /* Embed Foundation Extensions */,
				24AA1E7A21857C347AA12296 /* Embed Watch Content */,
			);
			buildRules = (
			);
			dependencies = (
				1BE9516B2996EB3F940A0837 /* PBXTargetDependency */,
				71E46D818AC49ACF3CF2CC01 /* PBXTargetDependency */,
			);
			name = GastosDiarios;
			packageProductDependencies = (
				899B0F90EA1747BB99A5B325 /* FirebaseAuth */,
				0C6A902D5FD08D33DF0CB379 /* FirebaseFirestore */,
				D3934372BE7A86D42D837236 /* GoogleSignIn */,
				7BDAA615B344F7D33E02779C /* GoogleSignInSwift */,
			);
			productName = GastosDiarios;
			productReference = 2B3321D9E7495AC37BDC6004 /* GastosDiarios.app */;
			productType = "com.apple.product-type.application";
		};
		CA80E83009431AB805515F6A /* GastosDiariosWatch */ = {
			isa = PBXNativeTarget;
			buildConfigurationList = 9C0F4E14C98C859BF77B9A4D /* Build configuration list for PBXNativeTarget "GastosDiariosWatch" */;
			buildPhases = (
				2D5729482D3D5BCDE0CCDE37 /* Sources */,
				077CA9F3B1F3814580C4A316 /* Resources */,
			);
			buildRules = (
			);
			dependencies = (
			);
			name = GastosDiariosWatch;
			packageProductDependencies = (
			);
			productName = GastosDiariosWatch;
			productReference = F2E45F4FFC8505622F84485F /* GastosDiariosWatch.app */;
			productType = "com.apple.product-type.application";
		};
		FDC38A1B3C147B9B2FB09856 /* GastosDiariosWidget */ = {
			isa = PBXNativeTarget;
			buildConfigurationList = 125DFA3AE3650458D41A6A54 /* Build configuration list for PBXNativeTarget "GastosDiariosWidget" */;
			buildPhases = (
				ED0379DE3AC1E95F3AEE7F30 /* Sources */,
				ACA36E00CA6C10C17533DE53 /* Resources */,
			);
			buildRules = (
			);
			dependencies = (
			);
			name = GastosDiariosWidget;
			packageProductDependencies = (
			);
			productName = GastosDiariosWidget;
			productReference = 9E73BFFFDD149DEA34FF6D4B /* GastosDiariosWidget.appex */;
			productType = "com.apple.product-type.app-extension";
		};
/* End PBXNativeTarget section */

/* Begin PBXProject section */
		E5E643F7313A6B9B20269C15 /* Project object */ = {
			isa = PBXProject;
			attributes = {
				BuildIndependentTargetsInParallel = YES;
				LastUpgradeCheck = 1430;
				TargetAttributes = {
					B27E9CBF7F7A5606DBAA3B11 = {
						DevelopmentTeam = FA737M2U79;
						ProvisioningStyle = Automatic;
					};
					BB77704655A94E52B0EDAC2D = {
						DevelopmentTeam = FA737M2U79;
						ProvisioningStyle = Automatic;
					};
					CA80E83009431AB805515F6A = {
						DevelopmentTeam = FA737M2U79;
						ProvisioningStyle = Automatic;
					};
					FDC38A1B3C147B9B2FB09856 = {
						DevelopmentTeam = FA737M2U79;
						ProvisioningStyle = Automatic;
					};
				};
			};
			buildConfigurationList = CBC745525540EAECF3087BDB /* Build configuration list for PBXProject "GastosDiarios" */;
			developmentRegion = es;
			hasScannedForEncodings = 0;
			knownRegions = (
				Base,
				en,
				es,
			);
			mainGroup = 2D1CF1122C838CB0BF7076F1;
			minimizedProjectReferenceProxies = 1;
			packageReferences = (
				EFD307EACD471E743A74DCBF /* XCRemoteSwiftPackageReference "firebase-ios-sdk" */,
				6A235BD5566426F4A59CAFCF /* XCRemoteSwiftPackageReference "GoogleSignIn-iOS" */,
			);
			preferredProjectObjectVersion = 77;
			productRefGroup = EC8E729833D56BB06134C2A4 /* Products */;
			projectDirPath = "";
			projectRoot = "";
			targets = (
				BB77704655A94E52B0EDAC2D /* GastosDiarios */,
				FDC38A1B3C147B9B2FB09856 /* GastosDiariosWidget */,
				CA80E83009431AB805515F6A /* GastosDiariosWatch */,
				B27E9CBF7F7A5606DBAA3B11 /* GastosDiariosTests */,
			);
		};
/* End PBXProject section */

/* Begin PBXResourcesBuildPhase section */
		077CA9F3B1F3814580C4A316 /* Resources */ = {
			isa = PBXResourcesBuildPhase;
			buildActionMask = 2147483647;
			files = (
				680E4B8C6F5A7FE48B79B090 /* Assets.xcassets in Resources */,
				6946D942898FFB0E720BE6A8 /* Localizable.xcstrings in Resources */,
				E2B11B14C6758B571316975F /* categories.json in Resources */,
			);
			runOnlyForDeploymentPostprocessing = 0;
		};
		6A70F1F6476F9661A2EB0655 /* Resources */ = {
			isa = PBXResourcesBuildPhase;
			buildActionMask = 2147483647;
			files = (
				11C3DF0A5473FBAE652B047B /* bank-match-vectors.json in Resources */,
				9F9E15C2ABBF4A7A747FDC1E /* period-test-vectors.json in Resources */,
			);
			runOnlyForDeploymentPostprocessing = 0;
		};
		86E1B94CEF935EC007D4510A /* Resources */ = {
			isa = PBXResourcesBuildPhase;
			buildActionMask = 2147483647;
			files = (
				D1D835112EBEB73ADD5E788C /* Assets.xcassets in Resources */,
				5172346AA7A7E3798CDDB9FD /* GoogleService-Info.plist in Resources */,
				C19497155C651CCEC6F0E5E9 /* Localizable.xcstrings in Resources */,
				6C5BE67620D8309FBFC6AA29 /* Outfit-Variable.ttf in Resources */,
				E3369B40B60E8E9F1C03A0CF /* categories.json in Resources */,
			);
			runOnlyForDeploymentPostprocessing = 0;
		};
		ACA36E00CA6C10C17533DE53 /* Resources */ = {
			isa = PBXResourcesBuildPhase;
			buildActionMask = 2147483647;
			files = (
				9AB064ED54CA05C3CAA73F45 /* Localizable.xcstrings in Resources */,
			);
			runOnlyForDeploymentPostprocessing = 0;
		};
/* End PBXResourcesBuildPhase section */

/* Begin PBXSourcesBuildPhase section */
		2D5729482D3D5BCDE0CCDE37 /* Sources */ = {
			isa = PBXSourcesBuildPhase;
			buildActionMask = 2147483647;
			files = (
				48D2BD70CD13EBBAA1848454 /* GastosDiariosWatchApp.swift in Sources */,
				274C430DD6B23B4F19C0A5E5 /* WatchConnectivityModel.swift in Sources */,
				8A8E0DFCAC9E165B3E5BE2FD /* WatchEntryView.swift in Sources */,
				06CE1F0D1CB52AFD497DCEE6 /* WatchSupport.swift in Sources */,
			);
			runOnlyForDeploymentPostprocessing = 0;
		};
		8ED912259AAD7D33784A4A48 /* Sources */ = {
			isa = PBXSourcesBuildPhase;
			buildActionMask = 2147483647;
			files = (
				8268094E7E032831B3671199 /* AppModel.swift in Sources */,
				4E0559786DE3931FCA38453B /* AuthService.swift in Sources */,
				E0BCA48607F739A48666E584 /* BankChargeInbox.swift in Sources */,
				E5DC5BAF309E5A07BDACCC7F /* BankChargesSheet.swift in Sources */,
				27FA6C49E3337B31FEF5AB05 /* BankMatch.swift in Sources */,
				8352CF5D8B36C1504025D291 /* BudgetAmountEditor.swift in Sources */,
				5294EA0188CE3A372AA24069 /* CategoriesManagerView.swift in Sources */,
				C003724BF4470744B6B53B53 /* Components.swift in Sources */,
				1F9BA58700725716F9D218B6 /* ExpenseDetailSheet.swift in Sources */,
				C85234FD7E915451EBD5B306 /* ExpenseFormView.swift in Sources */,
				FBA2FB7F467551ED953B03E1 /* ExtendPeriodSheet.swift in Sources */,
				A7E3EB7757720198B6CAB1C7 /* FirestoreService.swift in Sources */,
				4A6170B92E597704ED1A35D9 /* GastosDiariosApp.swift in Sources */,
				F6C3A5A2215B37A39404FBF6 /* HistoryView.swift in Sources */,
				64A277BCB7F020EF239963C3 /* L10n.swift in Sources */,
				B088F40899D33FEB92EE2A8A /* Models.swift in Sources */,
				98CF0F503439808C29ADD186 /* MoneyFormatter.swift in Sources */,
				E9A36DFB46064CBB78CB3148 /* NewPeriodScreen.swift in Sources */,
				5E46E4B94AD5C7F23B172691 /* OnboardingView.swift in Sources */,
				E49104A9FE7E72C24D85CD20 /* PeriodLogic.swift in Sources */,
				9ED3E316CDD7541FFB9D1270 /* QuickEntryIntent.swift in Sources */,
				A5F76507F0CC0B20997205D6 /* ReminderService.swift in Sources */,
				8DEF436DCA6C18809AB5721A /* RootView.swift in Sources */,
				F66E126B602E61FCCC04EA5B /* SettingsView.swift in Sources */,
				822EFD43241545538E9E07A9 /* SigningExpiryService.swift in Sources */,
				50F8A743A1A76D4AC3AB60A9 /* Suggestions.swift in Sources */,
				C92E8EBD9E46D90366CB2EA9 /* SummaryView.swift in Sources */,
				49E2809F85C38193CDA8E175 /* Theme.swift in Sources */,
				91BDD122169747015D348B67 /* VerifyExpenseSheet.swift in Sources */,
				8B830BAED6EB824DAF23866F /* WatchSyncService.swift in Sources */,
				5455A60CA071010D3B53B606 /* WidgetBridge.swift in Sources */,
			);
			runOnlyForDeploymentPostprocessing = 0;
		};
		B1D55FAA70503958CC69DF35 /* Sources */ = {
			isa = PBXSourcesBuildPhase;
			buildActionMask = 2147483647;
			files = (
				CB8092081896A331FD25750E /* BankChargeInboxTests.swift in Sources */,
				BB8BF40DF8B481EB06B9C2A1 /* BankMatchTests.swift in Sources */,
				93121744B6DC03F3CEEEE2FC /* BudgetEntryAmountTests.swift in Sources */,
				789F6152666388E18CA30122 /* ExpenseVerificationTests.swift in Sources */,
				4A7C9399EB868F5BD37FCEE2 /* PeriodLogicTests.swift in Sources */,
				6F988A6795BF9227AEDA3A80 /* SigningExpiryTests.swift in Sources */,
				358B81D7BBDE72EE00BB04A4 /* SuggestionsTests.swift in Sources */,
			);
			runOnlyForDeploymentPostprocessing = 0;
		};
		ED0379DE3AC1E95F3AEE7F30 /* Sources */ = {
			isa = PBXSourcesBuildPhase;
			buildActionMask = 2147483647;
			files = (
				479F02C3187696EE7D8B592A /* BudgetSnapshot.swift in Sources */,
				B9FE52D1FA9F7D04829C48D1 /* BudgetWidget.swift in Sources */,
				A81659D5DF0A3C5EA2D6BC8D /* GastosDiariosWidgetBundle.swift in Sources */,
				287317EE4CCAB473C7B3B0DD /* PiggyMark.swift in Sources */,
				93D1A5BEC5F8DD031294522A /* QuickEntryIntent.swift in Sources */,
				40A40EFB2C8AE17A8ADFADCF /* WidgetTheme.swift in Sources */,
			);
			runOnlyForDeploymentPostprocessing = 0;
		};
/* End PBXSourcesBuildPhase section */

/* Begin PBXTargetDependency section */
		1BE9516B2996EB3F940A0837 /* PBXTargetDependency */ = {
			isa = PBXTargetDependency;
			target = FDC38A1B3C147B9B2FB09856 /* GastosDiariosWidget */;
			targetProxy = A922AC201CD2FAA6B33C72C7 /* PBXContainerItemProxy */;
		};
		71E46D818AC49ACF3CF2CC01 /* PBXTargetDependency */ = {
			isa = PBXTargetDependency;
			target = CA80E83009431AB805515F6A /* GastosDiariosWatch */;
			targetProxy = 0059ACA86300142D6A06E0B7 /* PBXContainerItemProxy */;
		};
		88151C337B88ACB3AFE3C97F /* PBXTargetDependency */ = {
			isa = PBXTargetDependency;
			target = BB77704655A94E52B0EDAC2D /* GastosDiarios */;
			targetProxy = 3305006560AA7F7A2AEA76B7 /* PBXContainerItemProxy */;
		};
/* End PBXTargetDependency section */

/* Begin XCBuildConfiguration section */
		0001DA4C7CB99226B0F26D2D /* Debug */ = {
			isa = XCBuildConfiguration;
			buildSettings = {
				ASSETCATALOG_COMPILER_APPICON_NAME = AppIcon;
				CODE_SIGN_ENTITLEMENTS = GastosDiarios/GastosDiarios.entitlements;
				CODE_SIGN_IDENTITY = "iPhone Developer";
				CURRENT_PROJECT_VERSION = 1;
				INFOPLIST_FILE = GastosDiarios/Info.plist;
				LD_RUNPATH_SEARCH_PATHS = (
					"$(inherited)",
					"@executable_path/Frameworks",
				);
				MARKETING_VERSION = 1.0.0;
				OTHER_LDFLAGS = "-ObjC";
				PRODUCT_BUNDLE_IDENTIFIER = dev.cardozo.gastosdiarios;
				PRODUCT_NAME = GastosDiarios;
				SDKROOT = iphoneos;
				TARGETED_DEVICE_FAMILY = 1;
			};
			name = Debug;
		};
		03FB30CC61FD8E5B630E859E /* Debug */ = {
			isa = XCBuildConfiguration;
			buildSettings = {
				ALWAYS_SEARCH_USER_PATHS = NO;
				CLANG_ANALYZER_NONNULL = YES;
				CLANG_ANALYZER_NUMBER_OBJECT_CONVERSION = YES_AGGRESSIVE;
				CLANG_CXX_LANGUAGE_STANDARD = "gnu++14";
				CLANG_CXX_LIBRARY = "libc++";
				CLANG_ENABLE_MODULES = YES;
				CLANG_ENABLE_OBJC_ARC = YES;
				CLANG_ENABLE_OBJC_WEAK = YES;
				CLANG_WARN_BLOCK_CAPTURE_AUTORELEASING = YES;
				CLANG_WARN_BOOL_CONVERSION = YES;
				CLANG_WARN_COMMA = YES;
				CLANG_WARN_CONSTANT_CONVERSION = YES;
				CLANG_WARN_DEPRECATED_OBJC_IMPLEMENTATIONS = YES;
				CLANG_WARN_DIRECT_OBJC_ISA_USAGE = YES_ERROR;
				CLANG_WARN_DOCUMENTATION_COMMENTS = YES;
				CLANG_WARN_EMPTY_BODY = YES;
				CLANG_WARN_ENUM_CONVERSION = YES;
				CLANG_WARN_INFINITE_RECURSION = YES;
				CLANG_WARN_INT_CONVERSION = YES;
				CLANG_WARN_NON_LITERAL_NULL_CONVERSION = YES;
				CLANG_WARN_OBJC_IMPLICIT_RETAIN_SELF = YES;
				CLANG_WARN_OBJC_LITERAL_CONVERSION = YES;
				CLANG_WARN_OBJC_ROOT_CLASS = YES_ERROR;
				CLANG_WARN_QUOTED_INCLUDE_IN_FRAMEWORK_HEADER = YES;
				CLANG_WARN_RANGE_LOOP_ANALYSIS = YES;
				CLANG_WARN_STRICT_PROTOTYPES = YES;
				CLANG_WARN_SUSPICIOUS_MOVE = YES;
				CLANG_WARN_UNGUARDED_AVAILABILITY = YES_AGGRESSIVE;
				CLANG_WARN_UNREACHABLE_CODE = YES;
				CLANG_WARN__DUPLICATE_METHOD_MATCH = YES;
				CODE_SIGN_STYLE = Automatic;
				COPY_PHASE_STRIP = NO;
				DEBUG_INFORMATION_FORMAT = dwarf;
				DEVELOPMENT_TEAM = FA737M2U79;
				ENABLE_STRICT_OBJC_MSGSEND = YES;
				ENABLE_TESTABILITY = YES;
				ENABLE_USER_SCRIPT_SANDBOXING = NO;
				GCC_C_LANGUAGE_STANDARD = gnu11;
				GCC_DYNAMIC_NO_PIC = NO;
				GCC_NO_COMMON_BLOCKS = YES;
				GCC_OPTIMIZATION_LEVEL = 0;
				GCC_PREPROCESSOR_DEFINITIONS = (
					"$(inherited)",
					"DEBUG=1",
				);
				GCC_WARN_64_TO_32_BIT_CONVERSION = YES;
				GCC_WARN_ABOUT_RETURN_TYPE = YES_ERROR;
				GCC_WARN_UNDECLARED_SELECTOR = YES;
				GCC_WARN_UNINITIALIZED_AUTOS = YES_AGGRESSIVE;
				GCC_WARN_UNUSED_FUNCTION = YES;
				GCC_WARN_UNUSED_VARIABLE = YES;
				IPHONEOS_DEPLOYMENT_TARGET = 17.0;
				MTL_ENABLE_DEBUG_INFO = INCLUDE_SOURCE;
				MTL_FAST_MATH = YES;
				ONLY_ACTIVE_ARCH = YES;
				PRODUCT_NAME = "$(TARGET_NAME)";
				SWIFT_ACTIVE_COMPILATION_CONDITIONS = DEBUG;
				SWIFT_OPTIMIZATION_LEVEL = "-Onone";
				SWIFT_STRICT_CONCURRENCY = minimal;
				SWIFT_VERSION = 5.10;
			};
			name = Debug;
		};
		091944DDAB1BB8C55DFF78DB /* Release */ = {
			isa = XCBuildConfiguration;
			buildSettings = {
				BUNDLE_LOADER = "$(TEST_HOST)";
				GENERATE_INFOPLIST_FILE = YES;
				LD_RUNPATH_SEARCH_PATHS = (
					"$(inherited)",
					"@executable_path/Frameworks",
					"@loader_path/Frameworks",
				);
				PRODUCT_BUNDLE_IDENTIFIER = dev.cardozo.gastosdiarios.tests;
				SDKROOT = iphoneos;
				TARGETED_DEVICE_FAMILY = "1,2";
				TEST_HOST = "$(BUILT_PRODUCTS_DIR)/GastosDiarios.app/GastosDiarios";
			};
			name = Release;
		};
		2A106E77D5567A4FD1026ECA /* Release */ = {
			isa = XCBuildConfiguration;
			buildSettings = {
				CODE_SIGN_ENTITLEMENTS = GastosDiariosWidget/GastosDiariosWidget.entitlements;
				CURRENT_PROJECT_VERSION = 1;
				INFOPLIST_FILE = GastosDiariosWidget/Info.plist;
				LD_RUNPATH_SEARCH_PATHS = (
					"$(inherited)",
					"@executable_path/Frameworks",
					"@executable_path/../../Frameworks",
				);
				MARKETING_VERSION = 1.0.0;
				PRODUCT_BUNDLE_IDENTIFIER = dev.cardozo.gastosdiarios.widget;
				PRODUCT_NAME = GastosDiariosWidget;
				SDKROOT = iphoneos;
				SKIP_INSTALL = YES;
				SWIFT_ACTIVE_COMPILATION_CONDITIONS = "$(inherited) WIDGET_EXTENSION";
				TARGETED_DEVICE_FAMILY = 1;
			};
			name = Release;
		};
		3E24FDFE76607CF81A1A0591 /* Debug */ = {
			isa = XCBuildConfiguration;
			buildSettings = {
				CODE_SIGN_ENTITLEMENTS = GastosDiariosWidget/GastosDiariosWidget.entitlements;
				CURRENT_PROJECT_VERSION = 1;
				INFOPLIST_FILE = GastosDiariosWidget/Info.plist;
				LD_RUNPATH_SEARCH_PATHS = (
					"$(inherited)",
					"@executable_path/Frameworks",
					"@executable_path/../../Frameworks",
				);
				MARKETING_VERSION = 1.0.0;
				PRODUCT_BUNDLE_IDENTIFIER = dev.cardozo.gastosdiarios.widget;
				PRODUCT_NAME = GastosDiariosWidget;
				SDKROOT = iphoneos;
				SKIP_INSTALL = YES;
				SWIFT_ACTIVE_COMPILATION_CONDITIONS = "$(inherited) WIDGET_EXTENSION";
				TARGETED_DEVICE_FAMILY = 1;
			};
			name = Debug;
		};
		60490526381D1807EF22E9A2 /* Release */ = {
			isa = XCBuildConfiguration;
			buildSettings = {
				ASSETCATALOG_COMPILER_APPICON_NAME = AppIcon;
				CURRENT_PROJECT_VERSION = 1;
				GENERATE_INFOPLIST_FILE = NO;
				INFOPLIST_FILE = GastosDiariosWatch/Info.plist;
				MARKETING_VERSION = 1.0.0;
				PRODUCT_BUNDLE_IDENTIFIER = dev.cardozo.gastosdiarios.watchkitapp;
				PRODUCT_NAME = GastosDiariosWatch;
				SDKROOT = watchos;
				SKIP_INSTALL = YES;
				TARGETED_DEVICE_FAMILY = 4;
				WATCHOS_DEPLOYMENT_TARGET = 10.0;
			};
			name = Release;
		};
		7F3C4001A862B1256F2F8CD8 /* Release */ = {
			isa = XCBuildConfiguration;
			buildSettings = {
				ALWAYS_SEARCH_USER_PATHS = NO;
				CLANG_ANALYZER_NONNULL = YES;
				CLANG_ANALYZER_NUMBER_OBJECT_CONVERSION = YES_AGGRESSIVE;
				CLANG_CXX_LANGUAGE_STANDARD = "gnu++14";
				CLANG_CXX_LIBRARY = "libc++";
				CLANG_ENABLE_MODULES = YES;
				CLANG_ENABLE_OBJC_ARC = YES;
				CLANG_ENABLE_OBJC_WEAK = YES;
				CLANG_WARN_BLOCK_CAPTURE_AUTORELEASING = YES;
				CLANG_WARN_BOOL_CONVERSION = YES;
				CLANG_WARN_COMMA = YES;
				CLANG_WARN_CONSTANT_CONVERSION = YES;
				CLANG_WARN_DEPRECATED_OBJC_IMPLEMENTATIONS = YES;
				CLANG_WARN_DIRECT_OBJC_ISA_USAGE = YES_ERROR;
				CLANG_WARN_DOCUMENTATION_COMMENTS = YES;
				CLANG_WARN_EMPTY_BODY = YES;
				CLANG_WARN_ENUM_CONVERSION = YES;
				CLANG_WARN_INFINITE_RECURSION = YES;
				CLANG_WARN_INT_CONVERSION = YES;
				CLANG_WARN_NON_LITERAL_NULL_CONVERSION = YES;
				CLANG_WARN_OBJC_IMPLICIT_RETAIN_SELF = YES;
				CLANG_WARN_OBJC_LITERAL_CONVERSION = YES;
				CLANG_WARN_OBJC_ROOT_CLASS = YES_ERROR;
				CLANG_WARN_QUOTED_INCLUDE_IN_FRAMEWORK_HEADER = YES;
				CLANG_WARN_RANGE_LOOP_ANALYSIS = YES;
				CLANG_WARN_STRICT_PROTOTYPES = YES;
				CLANG_WARN_SUSPICIOUS_MOVE = YES;
				CLANG_WARN_UNGUARDED_AVAILABILITY = YES_AGGRESSIVE;
				CLANG_WARN_UNREACHABLE_CODE = YES;
				CLANG_WARN__DUPLICATE_METHOD_MATCH = YES;
				CODE_SIGN_STYLE = Automatic;
				COPY_PHASE_STRIP = NO;
				DEBUG_INFORMATION_FORMAT = "dwarf-with-dsym";
				DEVELOPMENT_TEAM = FA737M2U79;
				ENABLE_NS_ASSERTIONS = NO;
				ENABLE_STRICT_OBJC_MSGSEND = YES;
				ENABLE_USER_SCRIPT_SANDBOXING = NO;
				GCC_C_LANGUAGE_STANDARD = gnu11;
				GCC_NO_COMMON_BLOCKS = YES;
				GCC_WARN_64_TO_32_BIT_CONVERSION = YES;
				GCC_WARN_ABOUT_RETURN_TYPE = YES_ERROR;
				GCC_WARN_UNDECLARED_SELECTOR = YES;
				GCC_WARN_UNINITIALIZED_AUTOS = YES_AGGRESSIVE;
				GCC_WARN_UNUSED_FUNCTION = YES;
				GCC_WARN_UNUSED_VARIABLE = YES;
				IPHONEOS_DEPLOYMENT_TARGET = 17.0;
				MTL_ENABLE_DEBUG_INFO = NO;
				MTL_FAST_MATH = YES;
				PRODUCT_NAME = "$(TARGET_NAME)";
				SWIFT_COMPILATION_MODE = wholemodule;
				SWIFT_OPTIMIZATION_LEVEL = "-O";
				SWIFT_STRICT_CONCURRENCY = minimal;
				SWIFT_VERSION = 5.10;
			};
			name = Release;
		};
		94667E258A76D6525D91C486 /* Release */ = {
			isa = XCBuildConfiguration;
			buildSettings = {
				ASSETCATALOG_COMPILER_APPICON_NAME = AppIcon;
				CODE_SIGN_ENTITLEMENTS = GastosDiarios/GastosDiarios.entitlements;
				CODE_SIGN_IDENTITY = "iPhone Developer";
				CURRENT_PROJECT_VERSION = 1;
				INFOPLIST_FILE = GastosDiarios/Info.plist;
				LD_RUNPATH_SEARCH_PATHS = (
					"$(inherited)",
					"@executable_path/Frameworks",
				);
				MARKETING_VERSION = 1.0.0;
				OTHER_LDFLAGS = "-ObjC";
				PRODUCT_BUNDLE_IDENTIFIER = dev.cardozo.gastosdiarios;
				PRODUCT_NAME = GastosDiarios;
				SDKROOT = iphoneos;
				TARGETED_DEVICE_FAMILY = 1;
			};
			name = Release;
		};
		FB829C8D70CC8B7A8B0680E0 /* Debug */ = {
			isa = XCBuildConfiguration;
			buildSettings = {
				BUNDLE_LOADER = "$(TEST_HOST)";
				GENERATE_INFOPLIST_FILE = YES;
				LD_RUNPATH_SEARCH_PATHS = (
					"$(inherited)",
					"@executable_path/Frameworks",
					"@loader_path/Frameworks",
				);
				PRODUCT_BUNDLE_IDENTIFIER = dev.cardozo.gastosdiarios.tests;
				SDKROOT = iphoneos;
				TARGETED_DEVICE_FAMILY = "1,2";
				TEST_HOST = "$(BUILT_PRODUCTS_DIR)/GastosDiarios.app/GastosDiarios";
			};
			name = Debug;
		};
		FE38B13ACE4225EE2DA62A8F /* Debug */ = {
			isa = XCBuildConfiguration;
			buildSettings = {
				ASSETCATALOG_COMPILER_APPICON_NAME = AppIcon;
				CURRENT_PROJECT_VERSION = 1;
				GENERATE_INFOPLIST_FILE = NO;
				INFOPLIST_FILE = GastosDiariosWatch/Info.plist;
				MARKETING_VERSION = 1.0.0;
				PRODUCT_BUNDLE_IDENTIFIER = dev.cardozo.gastosdiarios.watchkitapp;
				PRODUCT_NAME = GastosDiariosWatch;
				SDKROOT = watchos;
				SKIP_INSTALL = YES;
				TARGETED_DEVICE_FAMILY = 4;
				WATCHOS_DEPLOYMENT_TARGET = 10.0;
			};
			name = Debug;
		};
/* End XCBuildConfiguration section */

/* Begin XCConfigurationList section */
		125DFA3AE3650458D41A6A54 /* Build configuration list for PBXNativeTarget "GastosDiariosWidget" */ = {
			isa = XCConfigurationList;
			buildConfigurations = (
				3E24FDFE76607CF81A1A0591 /* Debug */,
				2A106E77D5567A4FD1026ECA /* Release */,
			);
			defaultConfigurationIsVisible = 0;
			defaultConfigurationName = Debug;
		};
		734DB64998BB0BABE28D6DCC /* Build configuration list for PBXNativeTarget "GastosDiarios" */ = {
			isa = XCConfigurationList;
			buildConfigurations = (
				0001DA4C7CB99226B0F26D2D /* Debug */,
				94667E258A76D6525D91C486 /* Release */,
			);
			defaultConfigurationIsVisible = 0;
			defaultConfigurationName = Debug;
		};
		829BCF3D03A8DED098723A06 /* Build configuration list for PBXNativeTarget "GastosDiariosTests" */ = {
			isa = XCConfigurationList;
			buildConfigurations = (
				FB829C8D70CC8B7A8B0680E0 /* Debug */,
				091944DDAB1BB8C55DFF78DB /* Release */,
			);
			defaultConfigurationIsVisible = 0;
			defaultConfigurationName = Debug;
		};
		9C0F4E14C98C859BF77B9A4D /* Build configuration list for PBXNativeTarget "GastosDiariosWatch" */ = {
			isa = XCConfigurationList;
			buildConfigurations = (
				FE38B13ACE4225EE2DA62A8F /* Debug */,
				60490526381D1807EF22E9A2 /* Release */,
			);
			defaultConfigurationIsVisible = 0;
			defaultConfigurationName = Debug;
		};
		CBC745525540EAECF3087BDB /* Build configuration list for PBXProject "GastosDiarios" */ = {
			isa = XCConfigurationList;
			buildConfigurations = (
				03FB30CC61FD8E5B630E859E /* Debug */,
				7F3C4001A862B1256F2F8CD8 /* Release */,
			);
			defaultConfigurationIsVisible = 0;
			defaultConfigurationName = Debug;
		};
/* End XCConfigurationList section */

/* Begin XCRemoteSwiftPackageReference section */
		6A235BD5566426F4A59CAFCF /* XCRemoteSwiftPackageReference "GoogleSignIn-iOS" */ = {
			isa = XCRemoteSwiftPackageReference;
			repositoryURL = "https://github.com/google/GoogleSignIn-iOS";
			requirement = {
				kind = upToNextMajorVersion;
				minimumVersion = 8.0.0;
			};
		};
		EFD307EACD471E743A74DCBF /* XCRemoteSwiftPackageReference "firebase-ios-sdk" */ = {
			isa = XCRemoteSwiftPackageReference;
			repositoryURL = "https://github.com/firebase/firebase-ios-sdk";
			requirement = {
				kind = upToNextMajorVersion;
				minimumVersion = 11.0.0;
			};
		};
/* End XCRemoteSwiftPackageReference section */

/* Begin XCSwiftPackageProductDependency section */
		0C6A902D5FD08D33DF0CB379 /* FirebaseFirestore */ = {
			isa = XCSwiftPackageProductDependency;
			package = EFD307EACD471E743A74DCBF /* XCRemoteSwiftPackageReference "firebase-ios-sdk" */;
			productName = FirebaseFirestore;
		};
		7BDAA615B344F7D33E02779C /* GoogleSignInSwift */ = {
			isa = XCSwiftPackageProductDependency;
			package = 6A235BD5566426F4A59CAFCF /* XCRemoteSwiftPackageReference "GoogleSignIn-iOS" */;
			productName = GoogleSignInSwift;
		};
		899B0F90EA1747BB99A5B325 /* FirebaseAuth */ = {
			isa = XCSwiftPackageProductDependency;
			package = EFD307EACD471E743A74DCBF /* XCRemoteSwiftPackageReference "firebase-ios-sdk" */;
			productName = FirebaseAuth;
		};
		D3934372BE7A86D42D837236 /* GoogleSignIn */ = {
			isa = XCSwiftPackageProductDependency;
			package = 6A235BD5566426F4A59CAFCF /* XCRemoteSwiftPackageReference "GoogleSignIn-iOS" */;
			productName = GoogleSignIn;
		};
/* End XCSwiftPackageProductDependency section */
	};
	rootObject = E5E643F7313A6B9B20269C15 /* Project object */;
}
